// !$*UTF8*$!
{
	archiveVersion = 1;
	classes = {
	};
	objectVersion = 56;
	objects = {

/* Begin PBXBuildFile section */
		AB21E5BE28D55C3600BD286E /* GeoFire in Frameworks */ = {isa = PBXBuildFile; productRef = AB21E5BD28D55C3600BD286E /* GeoFire */; };
		AB21E5C028D55C3600BD286E /* GeoFireUtils in Frameworks */ = {isa = PBXBuildFile; productRef = AB21E5BF28D55C3600BD286E /* GeoFireUtils */; };
		AB24E3A628D7C9B0002B4F2C /* LoginView.swift in Sources */ = {isa = PBXBuildFile; fileRef = AB24E3A528D7C9B0002B4F2C /* LoginView.swift */; };
		AB24E3A828D7C9C4002B4F2C /* LoginViewModel.swift in Sources */ = {isa = PBXBuildFile; fileRef = AB24E3A728D7C9C4002B4F2C /* LoginViewModel.swift */; };
		AB36FF6628D356FD00AAC00C /* TheSamePageApp.swift in Sources */ = {isa = PBXBuildFile; fileRef = AB36FF6528D356FD00AAC00C /* TheSamePageApp.swift */; };
		AB36FF6828D356FD00AAC00C /* RootView.swift in Sources */ = {isa = PBXBuildFile; fileRef = AB36FF6728D356FD00AAC00C /* RootView.swift */; };
		AB36FF6A28D356FE00AAC00C /* Assets.xcassets in Resources */ = {isa = PBXBuildFile; fileRef = AB36FF6928D356FE00AAC00C /* Assets.xcassets */; };
		AB36FF6D28D356FE00AAC00C /* Preview Assets.xcassets in Resources */ = {isa = PBXBuildFile; fileRef = AB36FF6C28D356FE00AAC00C /* Preview Assets.xcassets */; };
		AB36FF7428D358FB00AAC00C /* HomeView.swift in Sources */ = {isa = PBXBuildFile; fileRef = AB36FF7328D358FA00AAC00C /* HomeView.swift */; };
		AB36FF7628D3598900AAC00C /* MyShowsView.swift in Sources */ = {isa = PBXBuildFile; fileRef = AB36FF7528D3598900AAC00C /* MyShowsView.swift */; };
		AB36FF7828D359E700AAC00C /* ProfileView.swift in Sources */ = {isa = PBXBuildFile; fileRef = AB36FF7728D359E700AAC00C /* ProfileView.swift */; };
		AB36FF8028D35BFA00AAC00C /* User.swift in Sources */ = {isa = PBXBuildFile; fileRef = AB36FF7F28D35BFA00AAC00C /* User.swift */; };
		AB36FF8328D35C0600AAC00C /* Show.swift in Sources */ = {isa = PBXBuildFile; fileRef = AB36FF8228D35C0600AAC00C /* Show.swift */; };
		AB36FF8528D35C1B00AAC00C /* Location.swift in Sources */ = {isa = PBXBuildFile; fileRef = AB36FF8428D35C1B00AAC00C /* Location.swift */; };
		AB36FF8728D35C2000AAC00C /* Band.swift in Sources */ = {isa = PBXBuildFile; fileRef = AB36FF8628D35C2000AAC00C /* Band.swift */; };
		AB36FF8928D35C2800AAC00C /* Link.swift in Sources */ = {isa = PBXBuildFile; fileRef = AB36FF8828D35C2800AAC00C /* Link.swift */; };
		AB36FF8B28D35CB500AAC00C /* Time.swift in Sources */ = {isa = PBXBuildFile; fileRef = AB36FF8A28D35CB500AAC00C /* Time.swift */; };
		AB36FF8D28D35CDF00AAC00C /* Backline.swift in Sources */ = {isa = PBXBuildFile; fileRef = AB36FF8C28D35CDF00AAC00C /* Backline.swift */; };
		AB36FF8F28D35E8C00AAC00C /* Genre.swift in Sources */ = {isa = PBXBuildFile; fileRef = AB36FF8E28D35E8C00AAC00C /* Genre.swift */; };
		AB36FF9428D361A100AAC00C /* DatabaseService.swift in Sources */ = {isa = PBXBuildFile; fileRef = AB36FF9328D361A100AAC00C /* DatabaseService.swift */; };
		AB36FF9828D36A6600AAC00C /* SectionTitle.swift in Sources */ = {isa = PBXBuildFile; fileRef = AB36FF9728D36A6600AAC00C /* SectionTitle.swift */; };
		AB36FF9D28D36BBF00AAC00C /* HomeShowCard.swift in Sources */ = {isa = PBXBuildFile; fileRef = AB36FF9C28D36BBF00AAC00C /* HomeShowCard.swift */; };
		AB36FF9F28D36D0300AAC00C /* HomeShowCardViewModel.swift in Sources */ = {isa = PBXBuildFile; fileRef = AB36FF9E28D36D0300AAC00C /* HomeShowCardViewModel.swift */; };
		AB36FFA228D372A900AAC00C /* ShowsController.swift in Sources */ = {isa = PBXBuildFile; fileRef = AB36FFA128D372A900AAC00C /* ShowsController.swift */; };
		AB399AD228D4AF3E009B39F7 /* MyShowsShowCard.swift in Sources */ = {isa = PBXBuildFile; fileRef = AB399AD128D4AF3E009B39F7 /* MyShowsShowCard.swift */; };
		AB399AD428D4B12B009B39F7 /* MyShowsShowCardViewModel.swift in Sources */ = {isa = PBXBuildFile; fileRef = AB399AD328D4B12B009B39F7 /* MyShowsShowCardViewModel.swift */; };
		AB399AD628D4BCD8009B39F7 /* Notes.rtf in Resources */ = {isa = PBXBuildFile; fileRef = AB399AD528D4BCD8009B39F7 /* Notes.rtf */; };
		AB399AD928D4C1CE009B39F7 /* TextUtility.swift in Sources */ = {isa = PBXBuildFile; fileRef = AB399AD828D4C1CE009B39F7 /* TextUtility.swift */; };
		AB399ADB28D4C548009B39F7 /* UserController.swift in Sources */ = {isa = PBXBuildFile; fileRef = AB399ADA28D4C548009B39F7 /* UserController.swift */; };
		AB3E11E828D656FF000F147B /* ProfileBandCard.swift in Sources */ = {isa = PBXBuildFile; fileRef = AB3E11E728D656FF000F147B /* ProfileBandCard.swift */; };
		AB3E11EA28D65E94000F147B /* ProfileBandCardViewModel.swift in Sources */ = {isa = PBXBuildFile; fileRef = AB3E11E928D65E94000F147B /* ProfileBandCardViewModel.swift */; };
		AB6C09DF28D4C7F500990313 /* GoogleService-Info.plist in Resources */ = {isa = PBXBuildFile; fileRef = AB6C09DE28D4C7F500990313 /* GoogleService-Info.plist */; };
		ABA4A43728D564FF0074293A /* FirebaseAnalytics in Frameworks */ = {isa = PBXBuildFile; productRef = ABA4A43628D564FF0074293A /* FirebaseAnalytics */; };
		ABA4A43928D564FF0074293A /* FirebaseAuth in Frameworks */ = {isa = PBXBuildFile; productRef = ABA4A43828D564FF0074293A /* FirebaseAuth */; };
		ABA4A43B28D564FF0074293A /* FirebaseFirestore in Frameworks */ = {isa = PBXBuildFile; productRef = ABA4A43A28D564FF0074293A /* FirebaseFirestore */; };
		ABA4A43D28D564FF0074293A /* FirebaseFirestoreSwift in Frameworks */ = {isa = PBXBuildFile; productRef = ABA4A43C28D564FF0074293A /* FirebaseFirestoreSwift */; };
		ABA4A43F28D564FF0074293A /* FirebaseStorage in Frameworks */ = {isa = PBXBuildFile; productRef = ABA4A43E28D564FF0074293A /* FirebaseStorage */; };
		ABBE94C228D8ADBF00790A04 /* ShowDetailsView.swift in Sources */ = {isa = PBXBuildFile; fileRef = ABBE94C128D8ADBF00790A04 /* ShowDetailsView.swift */; };
		ABBE94C428D8AE7500790A04 /* ShowDetailsViewModel.swift in Sources */ = {isa = PBXBuildFile; fileRef = ABBE94C328D8AE7500790A04 /* ShowDetailsViewModel.swift */; };
		ABDC0D7028D748FD0054269E /* NotificationsView.swift in Sources */ = {isa = PBXBuildFile; fileRef = ABDC0D6F28D748FD0054269E /* NotificationsView.swift */; };
		ABDC0D7228D74BFF0054269E /* ProfileViewModel.swift in Sources */ = {isa = PBXBuildFile; fileRef = ABDC0D7128D74BFF0054269E /* ProfileViewModel.swift */; };
		ABDC0D7428D75CC80054269E /* AuthController.swift in Sources */ = {isa = PBXBuildFile; fileRef = ABDC0D7328D75CC80054269E /* AuthController.swift */; };
		ABDC0D7928D76FC60054269E /* AddEditShowViewModel.swift in Sources */ = {isa = PBXBuildFile; fileRef = ABDC0D7828D76FC60054269E /* AddEditShowViewModel.swift */; };
		ABDC0D7B28D76FDE0054269E /* AddEditShowView.swift in Sources */ = {isa = PBXBuildFile; fileRef = ABDC0D7A28D76FDE0054269E /* AddEditShowView.swift */; };
		ABE3EFA628D91960002EEF23 /* SignUpView.swift in Sources */ = {isa = PBXBuildFile; fileRef = ABE3EFA528D91960002EEF23 /* SignUpView.swift */; };
		ABE3EFA828D919A2002EEF23 /* SignUpViewModel.swift in Sources */ = {isa = PBXBuildFile; fileRef = ABE3EFA728D919A2002EEF23 /* SignUpViewModel.swift */; };
/* End PBXBuildFile section */

/* Begin PBXFileReference section */
		AB24E3A528D7C9B0002B4F2C /* LoginView.swift */ = {isa = PBXFileReference; lastKnownFileType = sourcecode.swift; path = LoginView.swift; sourceTree = "<group>"; };
		AB24E3A728D7C9C4002B4F2C /* LoginViewModel.swift */ = {isa = PBXFileReference; lastKnownFileType = sourcecode.swift; path = LoginViewModel.swift; sourceTree = "<group>"; };
		AB36FF6228D356FD00AAC00C /* TheSamePage.app */ = {isa = PBXFileReference; explicitFileType = wrapper.application; includeInIndex = 0; path = TheSamePage.app; sourceTree = BUILT_PRODUCTS_DIR; };
		AB36FF6528D356FD00AAC00C /* TheSamePageApp.swift */ = {isa = PBXFileReference; lastKnownFileType = sourcecode.swift; path = TheSamePageApp.swift; sourceTree = "<group>"; };
		AB36FF6728D356FD00AAC00C /* RootView.swift */ = {isa = PBXFileReference; lastKnownFileType = sourcecode.swift; path = RootView.swift; sourceTree = "<group>"; };
		AB36FF6928D356FE00AAC00C /* Assets.xcassets */ = {isa = PBXFileReference; lastKnownFileType = folder.assetcatalog; path = Assets.xcassets; sourceTree = "<group>"; };
		AB36FF6C28D356FE00AAC00C /* Preview Assets.xcassets */ = {isa = PBXFileReference; lastKnownFileType = folder.assetcatalog; path = "Preview Assets.xcassets"; sourceTree = "<group>"; };
		AB36FF7328D358FA00AAC00C /* HomeView.swift */ = {isa = PBXFileReference; lastKnownFileType = sourcecode.swift; path = HomeView.swift; sourceTree = "<group>"; };
		AB36FF7528D3598900AAC00C /* MyShowsView.swift */ = {isa = PBXFileReference; lastKnownFileType = sourcecode.swift; path = MyShowsView.swift; sourceTree = "<group>"; };
		AB36FF7728D359E700AAC00C /* ProfileView.swift */ = {isa = PBXFileReference; lastKnownFileType = sourcecode.swift; path = ProfileView.swift; sourceTree = "<group>"; };
		AB36FF7F28D35BFA00AAC00C /* User.swift */ = {isa = PBXFileReference; lastKnownFileType = sourcecode.swift; path = User.swift; sourceTree = "<group>"; };
		AB36FF8228D35C0600AAC00C /* Show.swift */ = {isa = PBXFileReference; lastKnownFileType = sourcecode.swift; path = Show.swift; sourceTree = "<group>"; };
		AB36FF8428D35C1B00AAC00C /* Location.swift */ = {isa = PBXFileReference; lastKnownFileType = sourcecode.swift; path = Location.swift; sourceTree = "<group>"; };
		AB36FF8628D35C2000AAC00C /* Band.swift */ = {isa = PBXFileReference; lastKnownFileType = sourcecode.swift; path = Band.swift; sourceTree = "<group>"; };
		AB36FF8828D35C2800AAC00C /* Link.swift */ = {isa = PBXFileReference; lastKnownFileType = sourcecode.swift; path = Link.swift; sourceTree = "<group>"; };
		AB36FF8A28D35CB500AAC00C /* Time.swift */ = {isa = PBXFileReference; lastKnownFileType = sourcecode.swift; path = Time.swift; sourceTree = "<group>"; };
		AB36FF8C28D35CDF00AAC00C /* Backline.swift */ = {isa = PBXFileReference; lastKnownFileType = sourcecode.swift; path = Backline.swift; sourceTree = "<group>"; };
		AB36FF8E28D35E8C00AAC00C /* Genre.swift */ = {isa = PBXFileReference; lastKnownFileType = sourcecode.swift; path = Genre.swift; sourceTree = "<group>"; };
		AB36FF9328D361A100AAC00C /* DatabaseService.swift */ = {isa = PBXFileReference; lastKnownFileType = sourcecode.swift; path = DatabaseService.swift; sourceTree = "<group>"; };
		AB36FF9728D36A6600AAC00C /* SectionTitle.swift */ = {isa = PBXFileReference; lastKnownFileType = sourcecode.swift; path = SectionTitle.swift; sourceTree = "<group>"; };
		AB36FF9C28D36BBF00AAC00C /* HomeShowCard.swift */ = {isa = PBXFileReference; lastKnownFileType = sourcecode.swift; path = HomeShowCard.swift; sourceTree = "<group>"; };
		AB36FF9E28D36D0300AAC00C /* HomeShowCardViewModel.swift */ = {isa = PBXFileReference; lastKnownFileType = sourcecode.swift; path = HomeShowCardViewModel.swift; sourceTree = "<group>"; };
		AB36FFA128D372A900AAC00C /* ShowsController.swift */ = {isa = PBXFileReference; lastKnownFileType = sourcecode.swift; path = ShowsController.swift; sourceTree = "<group>"; };
		AB399AD128D4AF3E009B39F7 /* MyShowsShowCard.swift */ = {isa = PBXFileReference; lastKnownFileType = sourcecode.swift; path = MyShowsShowCard.swift; sourceTree = "<group>"; };
		AB399AD328D4B12B009B39F7 /* MyShowsShowCardViewModel.swift */ = {isa = PBXFileReference; lastKnownFileType = sourcecode.swift; path = MyShowsShowCardViewModel.swift; sourceTree = "<group>"; };
		AB399AD528D4BCD8009B39F7 /* Notes.rtf */ = {isa = PBXFileReference; lastKnownFileType = text.rtf; path = Notes.rtf; sourceTree = "<group>"; };
		AB399AD828D4C1CE009B39F7 /* TextUtility.swift */ = {isa = PBXFileReference; lastKnownFileType = sourcecode.swift; path = TextUtility.swift; sourceTree = "<group>"; };
		AB399ADA28D4C548009B39F7 /* UserController.swift */ = {isa = PBXFileReference; lastKnownFileType = sourcecode.swift; path = UserController.swift; sourceTree = "<group>"; };
		AB3E11E728D656FF000F147B /* ProfileBandCard.swift */ = {isa = PBXFileReference; lastKnownFileType = sourcecode.swift; path = ProfileBandCard.swift; sourceTree = "<group>"; };
		AB3E11E928D65E94000F147B /* ProfileBandCardViewModel.swift */ = {isa = PBXFileReference; lastKnownFileType = sourcecode.swift; path = ProfileBandCardViewModel.swift; sourceTree = "<group>"; };
		AB6C09DE28D4C7F500990313 /* GoogleService-Info.plist */ = {isa = PBXFileReference; fileEncoding = 4; lastKnownFileType = text.plist.xml; path = "GoogleService-Info.plist"; sourceTree = "<group>"; };
		ABBE94C128D8ADBF00790A04 /* ShowDetailsView.swift */ = {isa = PBXFileReference; lastKnownFileType = sourcecode.swift; path = ShowDetailsView.swift; sourceTree = "<group>"; };
		ABBE94C328D8AE7500790A04 /* ShowDetailsViewModel.swift */ = {isa = PBXFileReference; lastKnownFileType = sourcecode.swift; path = ShowDetailsViewModel.swift; sourceTree = "<group>"; };
		ABDC0D6F28D748FD0054269E /* NotificationsView.swift */ = {isa = PBXFileReference; lastKnownFileType = sourcecode.swift; path = NotificationsView.swift; sourceTree = "<group>"; };
		ABDC0D7128D74BFF0054269E /* ProfileViewModel.swift */ = {isa = PBXFileReference; lastKnownFileType = sourcecode.swift; path = ProfileViewModel.swift; sourceTree = "<group>"; };
		ABDC0D7328D75CC80054269E /* AuthController.swift */ = {isa = PBXFileReference; lastKnownFileType = sourcecode.swift; path = AuthController.swift; sourceTree = "<group>"; };
		ABDC0D7828D76FC60054269E /* AddEditShowViewModel.swift */ = {isa = PBXFileReference; lastKnownFileType = sourcecode.swift; path = AddEditShowViewModel.swift; sourceTree = "<group>"; };
		ABDC0D7A28D76FDE0054269E /* AddEditShowView.swift */ = {isa = PBXFileReference; lastKnownFileType = sourcecode.swift; path = AddEditShowView.swift; sourceTree = "<group>"; };
		ABE3EFA528D91960002EEF23 /* SignUpView.swift */ = {isa = PBXFileReference; lastKnownFileType = sourcecode.swift; path = SignUpView.swift; sourceTree = "<group>"; };
		ABE3EFA728D919A2002EEF23 /* SignUpViewModel.swift */ = {isa = PBXFileReference; lastKnownFileType = sourcecode.swift; path = SignUpViewModel.swift; sourceTree = "<group>"; };
/* End PBXFileReference section */

/* Begin PBXFrameworksBuildPhase section */
		AB36FF5F28D356FD00AAC00C /* Frameworks */ = {
			isa = PBXFrameworksBuildPhase;
			buildActionMask = 2147483647;
			files = (
				AB21E5C028D55C3600BD286E /* GeoFireUtils in Frameworks */,
				AB21E5BE28D55C3600BD286E /* GeoFire in Frameworks */,
				ABA4A43728D564FF0074293A /* FirebaseAnalytics in Frameworks */,
				ABA4A43B28D564FF0074293A /* FirebaseFirestore in Frameworks */,
				ABA4A43F28D564FF0074293A /* FirebaseStorage in Frameworks */,
				ABA4A43928D564FF0074293A /* FirebaseAuth in Frameworks */,
				ABA4A43D28D564FF0074293A /* FirebaseFirestoreSwift in Frameworks */,
			);
			runOnlyForDeploymentPostprocessing = 0;
		};
/* End PBXFrameworksBuildPhase section */

/* Begin PBXGroup section */
		AB24E3A428D7C9A8002B4F2C /* LoginView */ = {
			isa = PBXGroup;
			children = (
				AB24E3A528D7C9B0002B4F2C /* LoginView.swift */,
				AB24E3A728D7C9C4002B4F2C /* LoginViewModel.swift */,
			);
			path = LoginView;
			sourceTree = "<group>";
		};
		AB36FF5928D356FD00AAC00C = {
			isa = PBXGroup;
			children = (
				AB36FF6428D356FD00AAC00C /* TheSamePage */,
				AB36FF6328D356FD00AAC00C /* Products */,
				FF4320B392FCA7A1D9B09394 /* Frameworks */,
			);
			sourceTree = "<group>";
		};
		AB36FF6328D356FD00AAC00C /* Products */ = {
			isa = PBXGroup;
			children = (
				AB36FF6228D356FD00AAC00C /* TheSamePage.app */,
			);
			name = Products;
			sourceTree = "<group>";
		};
		AB36FF6428D356FD00AAC00C /* TheSamePage */ = {
			isa = PBXGroup;
			children = (
				AB36FF6528D356FD00AAC00C /* TheSamePageApp.swift */,
				AB399AD528D4BCD8009B39F7 /* Notes.rtf */,
				AB36FF7E28D35BDC00AAC00C /* Model */,
				AB36FF7928D35B9500AAC00C /* Views */,
				AB36FFA028D372A100AAC00C /* Controllers */,
				AB36FF9228D3619000AAC00C /* Services */,
				AB399AD728D4C1C3009B39F7 /* Utilities */,
				AB36FF6928D356FE00AAC00C /* Assets.xcassets */,
				AB6C09DE28D4C7F500990313 /* GoogleService-Info.plist */,
				AB36FF6B28D356FE00AAC00C /* Preview Content */,
			);
			path = TheSamePage;
			sourceTree = "<group>";
		};
		AB36FF6B28D356FE00AAC00C /* Preview Content */ = {
			isa = PBXGroup;
			children = (
				AB36FF6C28D356FE00AAC00C /* Preview Assets.xcassets */,
			);
			path = "Preview Content";
			sourceTree = "<group>";
		};
		AB36FF7928D35B9500AAC00C /* Views */ = {
			isa = PBXGroup;
			children = (
				AB24E3A428D7C9A8002B4F2C /* LoginView */,
				ABE3EFA428D91955002EEF23 /* SignUpView */,
				AB36FF7A28D35B9A00AAC00C /* RootView */,
				AB36FF7B28D35B9D00AAC00C /* HomeView */,
				AB36FF7C28D35BA200AAC00C /* MyShowsView */,
				ABDC0D6E28D748E50054269E /* NotificationsView */,
				AB36FF7D28D35BA700AAC00C /* ProfileView */,
				ABDC0D7528D76F980054269E /* AddEditShowView */,
				ABBE94C028D8AD9E00790A04 /* ShowDetailsView */,
				AB36FF9628D36A4F00AAC00C /* Miscellaneous */,
			);
			path = Views;
			sourceTree = "<group>";
		};
		AB36FF7A28D35B9A00AAC00C /* RootView */ = {
			isa = PBXGroup;
			children = (
				AB36FF6728D356FD00AAC00C /* RootView.swift */,
			);
			path = RootView;
			sourceTree = "<group>";
		};
		AB36FF7B28D35B9D00AAC00C /* HomeView */ = {
			isa = PBXGroup;
			children = (
				AB36FF7328D358FA00AAC00C /* HomeView.swift */,
				AB36FF9C28D36BBF00AAC00C /* HomeShowCard.swift */,
				AB36FF9E28D36D0300AAC00C /* HomeShowCardViewModel.swift */,
			);
			path = HomeView;
			sourceTree = "<group>";
		};
		AB36FF7C28D35BA200AAC00C /* MyShowsView */ = {
			isa = PBXGroup;
			children = (
				AB36FF7528D3598900AAC00C /* MyShowsView.swift */,
				AB399AD128D4AF3E009B39F7 /* MyShowsShowCard.swift */,
				AB399AD328D4B12B009B39F7 /* MyShowsShowCardViewModel.swift */,
			);
			path = MyShowsView;
			sourceTree = "<group>";
		};
		AB36FF7D28D35BA700AAC00C /* ProfileView */ = {
			isa = PBXGroup;
			children = (
				AB36FF7728D359E700AAC00C /* ProfileView.swift */,
				ABDC0D7128D74BFF0054269E /* ProfileViewModel.swift */,
				AB3E11E728D656FF000F147B /* ProfileBandCard.swift */,
				AB3E11E928D65E94000F147B /* ProfileBandCardViewModel.swift */,
			);
			path = ProfileView;
			sourceTree = "<group>";
		};
		AB36FF7E28D35BDC00AAC00C /* Model */ = {
			isa = PBXGroup;
			children = (
				AB36FF9028D35E8F00AAC00C /* Structs */,
				AB36FF9128D35ECB00AAC00C /* Enums */,
			);
			path = Model;
			sourceTree = "<group>";
		};
		AB36FF9028D35E8F00AAC00C /* Structs */ = {
			isa = PBXGroup;
			children = (
				AB36FF7F28D35BFA00AAC00C /* User.swift */,
				AB36FF8228D35C0600AAC00C /* Show.swift */,
				AB36FF8428D35C1B00AAC00C /* Location.swift */,
				AB36FF8628D35C2000AAC00C /* Band.swift */,
				AB36FF8828D35C2800AAC00C /* Link.swift */,
				AB36FF8A28D35CB500AAC00C /* Time.swift */,
				AB36FF8C28D35CDF00AAC00C /* Backline.swift */,
			);
			path = Structs;
			sourceTree = "<group>";
		};
		AB36FF9128D35ECB00AAC00C /* Enums */ = {
			isa = PBXGroup;
			children = (
				AB36FF8E28D35E8C00AAC00C /* Genre.swift */,
			);
			path = Enums;
			sourceTree = "<group>";
		};
		AB36FF9228D3619000AAC00C /* Services */ = {
			isa = PBXGroup;
			children = (
				AB36FF9328D361A100AAC00C /* DatabaseService.swift */,
			);
			path = Services;
			sourceTree = "<group>";
		};
		AB36FF9628D36A4F00AAC00C /* Miscellaneous */ = {
			isa = PBXGroup;
			children = (
				AB36FF9728D36A6600AAC00C /* SectionTitle.swift */,
			);
			path = Miscellaneous;
			sourceTree = "<group>";
		};
		AB36FFA028D372A100AAC00C /* Controllers */ = {
			isa = PBXGroup;
			children = (
				AB36FFA128D372A900AAC00C /* ShowsController.swift */,
				AB399ADA28D4C548009B39F7 /* UserController.swift */,
				ABDC0D7328D75CC80054269E /* AuthController.swift */,
			);
			path = Controllers;
			sourceTree = "<group>";
		};
		AB399AD728D4C1C3009B39F7 /* Utilities */ = {
			isa = PBXGroup;
			children = (
				AB399AD828D4C1CE009B39F7 /* TextUtility.swift */,
			);
			path = Utilities;
			sourceTree = "<group>";
		};
		ABBE94C028D8AD9E00790A04 /* ShowDetailsView */ = {
			isa = PBXGroup;
			children = (
				ABBE94C128D8ADBF00790A04 /* ShowDetailsView.swift */,
				ABBE94C328D8AE7500790A04 /* ShowDetailsViewModel.swift */,
			);
			path = ShowDetailsView;
			sourceTree = "<group>";
		};
		ABDC0D6E28D748E50054269E /* NotificationsView */ = {
			isa = PBXGroup;
			children = (
				ABDC0D6F28D748FD0054269E /* NotificationsView.swift */,
			);
			path = NotificationsView;
			sourceTree = "<group>";
		};
		ABDC0D7528D76F980054269E /* AddEditShowView */ = {
			isa = PBXGroup;
			children = (
				ABDC0D7A28D76FDE0054269E /* AddEditShowView.swift */,
				ABDC0D7828D76FC60054269E /* AddEditShowViewModel.swift */,
			);
			path = AddEditShowView;
			sourceTree = "<group>";
		};
		ABE3EFA428D91955002EEF23 /* SignUpView */ = {
			isa = PBXGroup;
			children = (
				ABE3EFA528D91960002EEF23 /* SignUpView.swift */,
				ABE3EFA728D919A2002EEF23 /* SignUpViewModel.swift */,
			);
			path = SignUpView;
			sourceTree = "<group>";
		};
		FF4320B392FCA7A1D9B09394 /* Frameworks */ = {
			isa = PBXGroup;
			children = (
			);
			name = Frameworks;
			sourceTree = "<group>";
		};
/* End PBXGroup section */

/* Begin PBXNativeTarget section */
		AB36FF6128D356FD00AAC00C /* TheSamePage */ = {
			isa = PBXNativeTarget;
			buildConfigurationList = AB36FF7028D356FE00AAC00C /* Build configuration list for PBXNativeTarget "TheSamePage" */;
			buildPhases = (
				AB36FF5E28D356FD00AAC00C /* Sources */,
				AB36FF5F28D356FD00AAC00C /* Frameworks */,
				AB36FF6028D356FD00AAC00C /* Resources */,
			);
			buildRules = (
			);
			dependencies = (
			);
			name = TheSamePage;
			packageProductDependencies = (
				AB21E5BD28D55C3600BD286E /* GeoFire */,
				AB21E5BF28D55C3600BD286E /* GeoFireUtils */,
				ABA4A43628D564FF0074293A /* FirebaseAnalytics */,
				ABA4A43828D564FF0074293A /* FirebaseAuth */,
				ABA4A43A28D564FF0074293A /* FirebaseFirestore */,
				ABA4A43C28D564FF0074293A /* FirebaseFirestoreSwift */,
				ABA4A43E28D564FF0074293A /* FirebaseStorage */,
			);
			productName = TheSamePage;
			productReference = AB36FF6228D356FD00AAC00C /* TheSamePage.app */;
			productType = "com.apple.product-type.application";
		};
/* End PBXNativeTarget section */

/* Begin PBXProject section */
		AB36FF5A28D356FD00AAC00C /* Project object */ = {
			isa = PBXProject;
			attributes = {
				BuildIndependentTargetsInParallel = 1;
				LastSwiftUpdateCheck = 1400;
				LastUpgradeCheck = 1400;
				TargetAttributes = {
					AB36FF6128D356FD00AAC00C = {
						CreatedOnToolsVersion = 14.0;
					};
				};
			};
			buildConfigurationList = AB36FF5D28D356FD00AAC00C /* Build configuration list for PBXProject "TheSamePage" */;
			compatibilityVersion = "Xcode 14.0";
			developmentRegion = en;
			hasScannedForEncodings = 0;
			knownRegions = (
				en,
				Base,
			);
			mainGroup = AB36FF5928D356FD00AAC00C;
			packageReferences = (
				AB21E5BC28D55C3600BD286E /* XCRemoteSwiftPackageReference "geofire-objc" */,
				ABA4A43528D564FF0074293A /* XCRemoteSwiftPackageReference "firebase-ios-sdk" */,
			);
			productRefGroup = AB36FF6328D356FD00AAC00C /* Products */;
			projectDirPath = "";
			projectRoot = "";
			targets = (
				AB36FF6128D356FD00AAC00C /* TheSamePage */,
			);
		};
/* End PBXProject section */

/* Begin PBXResourcesBuildPhase section */
		AB36FF6028D356FD00AAC00C /* Resources */ = {
			isa = PBXResourcesBuildPhase;
			buildActionMask = 2147483647;
			files = (
				AB36FF6D28D356FE00AAC00C /* Preview Assets.xcassets in Resources */,
				AB6C09DF28D4C7F500990313 /* GoogleService-Info.plist in Resources */,
				AB399AD628D4BCD8009B39F7 /* Notes.rtf in Resources */,
				AB36FF6A28D356FE00AAC00C /* Assets.xcassets in Resources */,
			);
			runOnlyForDeploymentPostprocessing = 0;
		};
/* End PBXResourcesBuildPhase section */

/* Begin PBXSourcesBuildPhase section */
		AB36FF5E28D356FD00AAC00C /* Sources */ = {
			isa = PBXSourcesBuildPhase;
			buildActionMask = 2147483647;
			files = (
				AB36FF7428D358FB00AAC00C /* HomeView.swift in Sources */,
				AB399ADB28D4C548009B39F7 /* UserController.swift in Sources */,
				AB36FF9D28D36BBF00AAC00C /* HomeShowCard.swift in Sources */,
				AB36FF7628D3598900AAC00C /* MyShowsView.swift in Sources */,
				ABDC0D7428D75CC80054269E /* AuthController.swift in Sources */,
				AB399AD928D4C1CE009B39F7 /* TextUtility.swift in Sources */,
				AB36FF8B28D35CB500AAC00C /* Time.swift in Sources */,
				AB36FF8528D35C1B00AAC00C /* Location.swift in Sources */,
				AB36FF8028D35BFA00AAC00C /* User.swift in Sources */,
				AB36FF9828D36A6600AAC00C /* SectionTitle.swift in Sources */,
				ABDC0D7B28D76FDE0054269E /* AddEditShowView.swift in Sources */,
				AB3E11E828D656FF000F147B /* ProfileBandCard.swift in Sources */,
				ABE3EFA628D91960002EEF23 /* SignUpView.swift in Sources */,
				ABDC0D7228D74BFF0054269E /* ProfileViewModel.swift in Sources */,
				AB399AD228D4AF3E009B39F7 /* MyShowsShowCard.swift in Sources */,
				ABBE94C428D8AE7500790A04 /* ShowDetailsViewModel.swift in Sources */,
				AB36FF7828D359E700AAC00C /* ProfileView.swift in Sources */,
				AB36FF6828D356FD00AAC00C /* RootView.swift in Sources */,
				AB3E11EA28D65E94000F147B /* ProfileBandCardViewModel.swift in Sources */,
				AB24E3A828D7C9C4002B4F2C /* LoginViewModel.swift in Sources */,
				ABBE94C228D8ADBF00790A04 /* ShowDetailsView.swift in Sources */,
				AB36FF9F28D36D0300AAC00C /* HomeShowCardViewModel.swift in Sources */,
				AB24E3A628D7C9B0002B4F2C /* LoginView.swift in Sources */,
				AB36FF8728D35C2000AAC00C /* Band.swift in Sources */,
				ABDC0D7028D748FD0054269E /* NotificationsView.swift in Sources */,
				AB36FFA228D372A900AAC00C /* ShowsController.swift in Sources */,
				AB36FF9428D361A100AAC00C /* DatabaseService.swift in Sources */,
				ABE3EFA828D919A2002EEF23 /* SignUpViewModel.swift in Sources */,
				AB36FF8328D35C0600AAC00C /* Show.swift in Sources */,
				AB36FF8F28D35E8C00AAC00C /* Genre.swift in Sources */,
				AB36FF6628D356FD00AAC00C /* TheSamePageApp.swift in Sources */,
				AB36FF8D28D35CDF00AAC00C /* Backline.swift in Sources */,
				AB399AD428D4B12B009B39F7 /* MyShowsShowCardViewModel.swift in Sources */,
				ABDC0D7928D76FC60054269E /* AddEditShowViewModel.swift in Sources */,
				AB36FF8928D35C2800AAC00C /* Link.swift in Sources */,
			);
			runOnlyForDeploymentPostprocessing = 0;
		};
/* End PBXSourcesBuildPhase section */

/* Begin XCBuildConfiguration section */
		AB36FF6E28D356FE00AAC00C /* Debug */ = {
			isa = XCBuildConfiguration;
			buildSettings = {
				ALWAYS_SEARCH_USER_PATHS = NO;
				CLANG_ANALYZER_NONNULL = YES;
				CLANG_ANALYZER_NUMBER_OBJECT_CONVERSION = YES_AGGRESSIVE;
				CLANG_CXX_LANGUAGE_STANDARD = "gnu++20";
				CLANG_ENABLE_MODULES = YES;
				CLANG_ENABLE_OBJC_ARC = YES;
				CLANG_ENABLE_OBJC_WEAK = YES;
				CLANG_WARN_BLOCK_CAPTURE_AUTORELEASING = YES;
				CLANG_WARN_BOOL_CONVERSION = YES;
				CLANG_WARN_COMMA = YES;
				CLANG_WARN_CONSTANT_CONVERSION = YES;
				CLANG_WARN_DEPRECATED_OBJC_IMPLEMENTATIONS = YES;
				CLANG_WARN_DIRECT_OBJC_ISA_USAGE = YES_ERROR;
				CLANG_WARN_DOCUMENTATION_COMMENTS = YES;
				CLANG_WARN_EMPTY_BODY = YES;
				CLANG_WARN_ENUM_CONVERSION = YES;
				CLANG_WARN_INFINITE_RECURSION = YES;
				CLANG_WARN_INT_CONVERSION = YES;
				CLANG_WARN_NON_LITERAL_NULL_CONVERSION = YES;
				CLANG_WARN_OBJC_IMPLICIT_RETAIN_SELF = YES;
				CLANG_WARN_OBJC_LITERAL_CONVERSION = YES;
				CLANG_WARN_OBJC_ROOT_CLASS = YES_ERROR;
				CLANG_WARN_QUOTED_INCLUDE_IN_FRAMEWORK_HEADER = YES;
				CLANG_WARN_RANGE_LOOP_ANALYSIS = YES;
				CLANG_WARN_STRICT_PROTOTYPES = YES;
				CLANG_WARN_SUSPICIOUS_MOVE = YES;
				CLANG_WARN_UNGUARDED_AVAILABILITY = YES_AGGRESSIVE;
				CLANG_WARN_UNREACHABLE_CODE = YES;
				CLANG_WARN__DUPLICATE_METHOD_MATCH = YES;
				COPY_PHASE_STRIP = NO;
				DEBUG_INFORMATION_FORMAT = dwarf;
				ENABLE_STRICT_OBJC_MSGSEND = YES;
				ENABLE_TESTABILITY = YES;
				GCC_C_LANGUAGE_STANDARD = gnu11;
				GCC_DYNAMIC_NO_PIC = NO;
				GCC_NO_COMMON_BLOCKS = YES;
				GCC_OPTIMIZATION_LEVEL = 0;
				GCC_PREPROCESSOR_DEFINITIONS = (
					"DEBUG=1",
					"$(inherited)",
				);
				GCC_WARN_64_TO_32_BIT_CONVERSION = YES;
				GCC_WARN_ABOUT_RETURN_TYPE = YES_ERROR;
				GCC_WARN_UNDECLARED_SELECTOR = YES;
				GCC_WARN_UNINITIALIZED_AUTOS = YES_AGGRESSIVE;
				GCC_WARN_UNUSED_FUNCTION = YES;
				GCC_WARN_UNUSED_VARIABLE = YES;
				IPHONEOS_DEPLOYMENT_TARGET = 16.0;
				MTL_ENABLE_DEBUG_INFO = INCLUDE_SOURCE;
				MTL_FAST_MATH = YES;
				ONLY_ACTIVE_ARCH = YES;
				SDKROOT = iphoneos;
				SWIFT_ACTIVE_COMPILATION_CONDITIONS = DEBUG;
				SWIFT_OPTIMIZATION_LEVEL = "-Onone";
			};
			name = Debug;
		};
		AB36FF6F28D356FE00AAC00C /* Release */ = {
			isa = XCBuildConfiguration;
			buildSettings = {
				ALWAYS_SEARCH_USER_PATHS = NO;
				CLANG_ANALYZER_NONNULL = YES;
				CLANG_ANALYZER_NUMBER_OBJECT_CONVERSION = YES_AGGRESSIVE;
				CLANG_CXX_LANGUAGE_STANDARD = "gnu++20";
				CLANG_ENABLE_MODULES = YES;
				CLANG_ENABLE_OBJC_ARC = YES;
				CLANG_ENABLE_OBJC_WEAK = YES;
				CLANG_WARN_BLOCK_CAPTURE_AUTORELEASING = YES;
				CLANG_WARN_BOOL_CONVERSION = YES;
				CLANG_WARN_COMMA = YES;
				CLANG_WARN_CONSTANT_CONVERSION = YES;
				CLANG_WARN_DEPRECATED_OBJC_IMPLEMENTATIONS = YES;
				CLANG_WARN_DIRECT_OBJC_ISA_USAGE = YES_ERROR;
				CLANG_WARN_DOCUMENTATION_COMMENTS = YES;
				CLANG_WARN_EMPTY_BODY = YES;
				CLANG_WARN_ENUM_CONVERSION = YES;
				CLANG_WARN_INFINITE_RECURSION = YES;
				CLANG_WARN_INT_CONVERSION = YES;
				CLANG_WARN_NON_LITERAL_NULL_CONVERSION = YES;
				CLANG_WARN_OBJC_IMPLICIT_RETAIN_SELF = YES;
				CLANG_WARN_OBJC_LITERAL_CONVERSION = YES;
				CLANG_WARN_OBJC_ROOT_CLASS = YES_ERROR;
				CLANG_WARN_QUOTED_INCLUDE_IN_FRAMEWORK_HEADER = YES;
				CLANG_WARN_RANGE_LOOP_ANALYSIS = YES;
				CLANG_WARN_STRICT_PROTOTYPES = YES;
				CLANG_WARN_SUSPICIOUS_MOVE = YES;
				CLANG_WARN_UNGUARDED_AVAILABILITY = YES_AGGRESSIVE;
				CLANG_WARN_UNREACHABLE_CODE = YES;
				CLANG_WARN__DUPLICATE_METHOD_MATCH = YES;
				COPY_PHASE_STRIP = NO;
				DEBUG_INFORMATION_FORMAT = "dwarf-with-dsym";
				ENABLE_NS_ASSERTIONS = NO;
				ENABLE_STRICT_OBJC_MSGSEND = YES;
				GCC_C_LANGUAGE_STANDARD = gnu11;
				GCC_NO_COMMON_BLOCKS = YES;
				GCC_WARN_64_TO_32_BIT_CONVERSION = YES;
				GCC_WARN_ABOUT_RETURN_TYPE = YES_ERROR;
				GCC_WARN_UNDECLARED_SELECTOR = YES;
				GCC_WARN_UNINITIALIZED_AUTOS = YES_AGGRESSIVE;
				GCC_WARN_UNUSED_FUNCTION = YES;
				GCC_WARN_UNUSED_VARIABLE = YES;
				IPHONEOS_DEPLOYMENT_TARGET = 16.0;
				MTL_ENABLE_DEBUG_INFO = NO;
				MTL_FAST_MATH = YES;
				SDKROOT = iphoneos;
				SWIFT_COMPILATION_MODE = wholemodule;
				SWIFT_OPTIMIZATION_LEVEL = "-O";
				VALIDATE_PRODUCT = YES;
			};
			name = Release;
		};
		AB36FF7128D356FE00AAC00C /* Debug */ = {
			isa = XCBuildConfiguration;
			buildSettings = {
				ASSETCATALOG_COMPILER_APPICON_NAME = AppIcon;
				ASSETCATALOG_COMPILER_GLOBAL_ACCENT_COLOR_NAME = AccentColor;
				CODE_SIGN_STYLE = Automatic;
				CURRENT_PROJECT_VERSION = 1;
				DEVELOPMENT_ASSET_PATHS = "\"TheSamePage/Preview Content\"";
				DEVELOPMENT_TEAM = 9LT5ZRK64X;
				ENABLE_PREVIEWS = YES;
				GENERATE_INFOPLIST_FILE = YES;
				INFOPLIST_KEY_UIApplicationSceneManifest_Generation = YES;
				INFOPLIST_KEY_UIApplicationSupportsIndirectInputEvents = YES;
				INFOPLIST_KEY_UILaunchScreen_Generation = YES;
				INFOPLIST_KEY_UISupportedInterfaceOrientations_iPad = "UIInterfaceOrientationPortrait UIInterfaceOrientationPortraitUpsideDown UIInterfaceOrientationLandscapeLeft UIInterfaceOrientationLandscapeRight";
				INFOPLIST_KEY_UISupportedInterfaceOrientations_iPhone = "UIInterfaceOrientationPortrait UIInterfaceOrientationLandscapeLeft UIInterfaceOrientationLandscapeRight";
				IPHONEOS_DEPLOYMENT_TARGET = 14.0;
				LD_RUNPATH_SEARCH_PATHS = (
					"$(inherited)",
					"@executable_path/Frameworks",
				);
				MARKETING_VERSION = 1.0;
				PRODUCT_BUNDLE_IDENTIFIER = com.julianmichaeltechnologies.TheSamePage;
				PRODUCT_NAME = "$(TARGET_NAME)";
				SUPPORTED_PLATFORMS = "iphoneos iphonesimulator";
				SUPPORTS_MACCATALYST = NO;
				SUPPORTS_MAC_DESIGNED_FOR_IPHONE_IPAD = NO;
				SWIFT_EMIT_LOC_STRINGS = YES;
				SWIFT_VERSION = 5.0;
				TARGETED_DEVICE_FAMILY = 1;
			};
			name = Debug;
		};
		AB36FF7228D356FE00AAC00C /* Release */ = {
			isa = XCBuildConfiguration;
			buildSettings = {
				ASSETCATALOG_COMPILER_APPICON_NAME = AppIcon;
				ASSETCATALOG_COMPILER_GLOBAL_ACCENT_COLOR_NAME = AccentColor;
				CODE_SIGN_STYLE = Automatic;
				CURRENT_PROJECT_VERSION = 1;
				DEVELOPMENT_ASSET_PATHS = "\"TheSamePage/Preview Content\"";
				DEVELOPMENT_TEAM = 9LT5ZRK64X;
				ENABLE_PREVIEWS = YES;
				GENERATE_INFOPLIST_FILE = YES;
				INFOPLIST_KEY_UIApplicationSceneManifest_Generation = YES;
				INFOPLIST_KEY_UIApplicationSupportsIndirectInputEvents = YES;
				INFOPLIST_KEY_UILaunchScreen_Generation = YES;
				INFOPLIST_KEY_UISupportedInterfaceOrientations_iPad = "UIInterfaceOrientationPortrait UIInterfaceOrientationPortraitUpsideDown UIInterfaceOrientationLandscapeLeft UIInterfaceOrientationLandscapeRight";
				INFOPLIST_KEY_UISupportedInterfaceOrientations_iPhone = "UIInterfaceOrientationPortrait UIInterfaceOrientationLandscapeLeft UIInterfaceOrientationLandscapeRight";
				IPHONEOS_DEPLOYMENT_TARGET = 14.0;
				LD_RUNPATH_SEARCH_PATHS = (
					"$(inherited)",
					"@executable_path/Frameworks",
				);
				MARKETING_VERSION = 1.0;
				PRODUCT_BUNDLE_IDENTIFIER = com.julianmichaeltechnologies.TheSamePage;
				PRODUCT_NAME = "$(TARGET_NAME)";
				SUPPORTED_PLATFORMS = "iphoneos iphonesimulator";
				SUPPORTS_MACCATALYST = NO;
				SUPPORTS_MAC_DESIGNED_FOR_IPHONE_IPAD = NO;
				SWIFT_EMIT_LOC_STRINGS = YES;
				SWIFT_VERSION = 5.0;
				TARGETED_DEVICE_FAMILY = 1;
			};
			name = Release;
		};
/* End XCBuildConfiguration section */

/* Begin XCConfigurationList section */
		AB36FF5D28D356FD00AAC00C /* Build configuration list for PBXProject "TheSamePage" */ = {
			isa = XCConfigurationList;
			buildConfigurations = (
				AB36FF6E28D356FE00AAC00C /* Debug */,
				AB36FF6F28D356FE00AAC00C /* Release */,
			);
			defaultConfigurationIsVisible = 0;
			defaultConfigurationName = Release;
		};
		AB36FF7028D356FE00AAC00C /* Build configuration list for PBXNativeTarget "TheSamePage" */ = {
			isa = XCConfigurationList;
			buildConfigurations = (
				AB36FF7128D356FE00AAC00C /* Debug */,
				AB36FF7228D356FE00AAC00C /* Release */,
			);
			defaultConfigurationIsVisible = 0;
			defaultConfigurationName = Release;
		};
/* End XCConfigurationList section */

/* Begin XCRemoteSwiftPackageReference section */
		AB21E5BC28D55C3600BD286E /* XCRemoteSwiftPackageReference "geofire-objc" */ = {
			isa = XCRemoteSwiftPackageReference;
			repositoryURL = "https://github.com/firebase/geofire-objc";
			requirement = {
				branch = master;
				kind = branch;
			};
		};
		ABA4A43528D564FF0074293A /* XCRemoteSwiftPackageReference "firebase-ios-sdk" */ = {
			isa = XCRemoteSwiftPackageReference;
			repositoryURL = "https://github.com/firebase/firebase-ios-sdk.git";
			requirement = {
				branch = master;
				kind = branch;
			};
		};
/* End XCRemoteSwiftPackageReference section */

/* Begin XCSwiftPackageProductDependency section */
		AB21E5BD28D55C3600BD286E /* GeoFire */ = {
			isa = XCSwiftPackageProductDependency;
			package = AB21E5BC28D55C3600BD286E /* XCRemoteSwiftPackageReference "geofire-objc" */;
			productName = GeoFire;
		};
		AB21E5BF28D55C3600BD286E /* GeoFireUtils */ = {
			isa = XCSwiftPackageProductDependency;
			package = AB21E5BC28D55C3600BD286E /* XCRemoteSwiftPackageReference "geofire-objc" */;
			productName = GeoFireUtils;
		};
		ABA4A43628D564FF0074293A /* FirebaseAnalytics */ = {
			isa = XCSwiftPackageProductDependency;
			package = ABA4A43528D564FF0074293A /* XCRemoteSwiftPackageReference "firebase-ios-sdk" */;
			productName = FirebaseAnalytics;
		};
		ABA4A43828D564FF0074293A /* FirebaseAuth */ = {
			isa = XCSwiftPackageProductDependency;
			package = ABA4A43528D564FF0074293A /* XCRemoteSwiftPackageReference "firebase-ios-sdk" */;
			productName = FirebaseAuth;
		};
		ABA4A43A28D564FF0074293A /* FirebaseFirestore */ = {
			isa = XCSwiftPackageProductDependency;
			package = ABA4A43528D564FF0074293A /* XCRemoteSwiftPackageReference "firebase-ios-sdk" */;
			productName = FirebaseFirestore;
		};
		ABA4A43C28D564FF0074293A /* FirebaseFirestoreSwift */ = {
			isa = XCSwiftPackageProductDependency;
			package = ABA4A43528D564FF0074293A /* XCRemoteSwiftPackageReference "firebase-ios-sdk" */;
			productName = FirebaseFirestoreSwift;
		};
		ABA4A43E28D564FF0074293A /* FirebaseStorage */ = {
			isa = XCSwiftPackageProductDependency;
			package = ABA4A43528D564FF0074293A /* XCRemoteSwiftPackageReference "firebase-ios-sdk" */;
			productName = FirebaseStorage;
		};
/* End XCSwiftPackageProductDependency section */
	};
	rootObject = AB36FF5A28D356FD00AAC00C /* Project object */;
}
