// !$*UTF8*$!
{
	archiveVersion = 1;
	classes = {
	};
	objectVersion = 56;
	objects = {

/* Begin PBXBuildFile section */
		AB07295628F454EE0069B268 /* ShowDetailsList.swift in Sources */ = {isa = PBXBuildFile; fileRef = AB07295528F454EE0069B268 /* ShowDetailsList.swift */; };
		AB07295828F4631D0069B268 /* SelectedShowDetailsTab.swift in Sources */ = {isa = PBXBuildFile; fileRef = AB07295728F4631D0069B268 /* SelectedShowDetailsTab.swift */; };
		AB07295F28F466510069B268 /* ShowLineupTab.swift in Sources */ = {isa = PBXBuildFile; fileRef = AB07295E28F466510069B268 /* ShowLineupTab.swift */; };
		AB07296128F467010069B268 /* ShowDetailsTab.swift in Sources */ = {isa = PBXBuildFile; fileRef = AB07296028F467010069B268 /* ShowDetailsTab.swift */; };
		AB07296328F468530069B268 /* ShowLocationTab.swift in Sources */ = {isa = PBXBuildFile; fileRef = AB07296228F468530069B268 /* ShowLocationTab.swift */; };
		AB07296528F468820069B268 /* ShowBacklineTab.swift in Sources */ = {isa = PBXBuildFile; fileRef = AB07296428F468820069B268 /* ShowBacklineTab.swift */; };
		AB07AC2C290452B900E378C6 /* FirebaseAuth in Frameworks */ = {isa = PBXBuildFile; productRef = AB07AC2B290452B900E378C6 /* FirebaseAuth */; };
		AB07AC2E290452B900E378C6 /* FirebaseFirestore in Frameworks */ = {isa = PBXBuildFile; productRef = AB07AC2D290452B900E378C6 /* FirebaseFirestore */; };
		AB07AC30290452B900E378C6 /* FirebaseFirestoreSwift in Frameworks */ = {isa = PBXBuildFile; productRef = AB07AC2F290452B900E378C6 /* FirebaseFirestoreSwift */; };
		AB07AC32290452B900E378C6 /* FirebaseStorage in Frameworks */ = {isa = PBXBuildFile; productRef = AB07AC31290452B900E378C6 /* FirebaseStorage */; };
		AB07AC352904534F00E378C6 /* Typesense in Frameworks */ = {isa = PBXBuildFile; productRef = AB07AC342904534F00E378C6 /* Typesense */; };
		AB07AC372904738B00E378C6 /* PercussionBacklineList.swift in Sources */ = {isa = PBXBuildFile; fileRef = AB07AC362904738B00E378C6 /* PercussionBacklineList.swift */; };
		AB07AC3929047F1800E378C6 /* ElectricGuitarBacklineList.swift in Sources */ = {isa = PBXBuildFile; fileRef = AB07AC3829047F1800E378C6 /* ElectricGuitarBacklineList.swift */; };
		AB07AC3B290486F200E378C6 /* BassGuitarBacklineList.swift in Sources */ = {isa = PBXBuildFile; fileRef = AB07AC3A290486F200E378C6 /* BassGuitarBacklineList.swift */; };
		AB0DD4D228F0D82E00CEA1BD /* ShowLineupList.swift in Sources */ = {isa = PBXBuildFile; fileRef = AB0DD4D128F0D82E00CEA1BD /* ShowLineupList.swift */; };
		AB1ACE2D28E08F9E00B46C90 /* Instrument.swift in Sources */ = {isa = PBXBuildFile; fileRef = AB1ACE2C28E08F9E00B46C90 /* Instrument.swift */; };
		AB24E3A628D7C9B0002B4F2C /* LoginView.swift in Sources */ = {isa = PBXBuildFile; fileRef = AB24E3A528D7C9B0002B4F2C /* LoginView.swift */; };
		AB24E3A828D7C9C4002B4F2C /* LoginViewModel.swift in Sources */ = {isa = PBXBuildFile; fileRef = AB24E3A728D7C9C4002B4F2C /* LoginViewModel.swift */; };
		AB285AFA28F6F76200EB5F2B /* ShowTimeTab.swift in Sources */ = {isa = PBXBuildFile; fileRef = AB285AF928F6F76200EB5F2B /* ShowTimeTab.swift */; };
		AB285AFC28F6F7EE00EB5F2B /* ShowTimeList.swift in Sources */ = {isa = PBXBuildFile; fileRef = AB285AFB28F6F7EE00EB5F2B /* ShowTimeList.swift */; };
		AB285B0228F6FE8A00EB5F2B /* ShowTimeType.swift in Sources */ = {isa = PBXBuildFile; fileRef = AB285B0128F6FE8A00EB5F2B /* ShowTimeType.swift */; };
		AB285B0428F6FF6600EB5F2B /* AddShowTimeView.swift in Sources */ = {isa = PBXBuildFile; fileRef = AB285B0328F6FF6600EB5F2B /* AddShowTimeView.swift */; };
		AB285B0828F7086D00EB5F2B /* AddShowTimeViewModel.swift in Sources */ = {isa = PBXBuildFile; fileRef = AB285B0728F7086D00EB5F2B /* AddShowTimeViewModel.swift */; };
		AB2B867A28D9EE43004601B6 /* MyShowsViewModel.swift in Sources */ = {isa = PBXBuildFile; fileRef = AB2B867928D9EE43004601B6 /* MyShowsViewModel.swift */; };
		AB2B867C28D9F444004601B6 /* NoImageView.swift in Sources */ = {isa = PBXBuildFile; fileRef = AB2B867B28D9F444004601B6 /* NoImageView.swift */; };
		AB2B867E28D9F884004601B6 /* ImagePicker.swift in Sources */ = {isa = PBXBuildFile; fileRef = AB2B867D28D9F884004601B6 /* ImagePicker.swift */; };
		AB2BF26D2919C3C200C65DD8 /* ChatInfoView.swift in Sources */ = {isa = PBXBuildFile; fileRef = AB2BF26C2919C3C200C65DD8 /* ChatInfoView.swift */; };
		AB2BF26F2919C3D500C65DD8 /* ChatInfoViewModel.swift in Sources */ = {isa = PBXBuildFile; fileRef = AB2BF26E2919C3D500C65DD8 /* ChatInfoViewModel.swift */; };
		AB31440C291713B300E2D08B /* FirebaseMessaging in Frameworks */ = {isa = PBXBuildFile; productRef = AB31440B291713B300E2D08B /* FirebaseMessaging */; };
		AB35A8CC28E9CFCF009FB203 /* LoggedInUserProfileView.swift in Sources */ = {isa = PBXBuildFile; fileRef = AB35A8CB28E9CFCF009FB203 /* LoggedInUserProfileView.swift */; };
		AB35A8D628E9DC73009FB203 /* BandProfileAdminView.swift in Sources */ = {isa = PBXBuildFile; fileRef = AB35A8D528E9DC73009FB203 /* BandProfileAdminView.swift */; };
		AB35A8DA28E9DC93009FB203 /* BandProfileOtherUserView.swift in Sources */ = {isa = PBXBuildFile; fileRef = AB35A8D928E9DC93009FB203 /* BandProfileOtherUserView.swift */; };
		AB35A8DD28E9DE1B009FB203 /* UserBandListViewModel.swift in Sources */ = {isa = PBXBuildFile; fileRef = AB35A8DC28E9DE1B009FB203 /* UserBandListViewModel.swift */; };
		AB35A8DF28E9DE29009FB203 /* UserBandList.swift in Sources */ = {isa = PBXBuildFile; fileRef = AB35A8DE28E9DE29009FB203 /* UserBandList.swift */; };
		AB36FF6628D356FD00AAC00C /* TheSamePageApp.swift in Sources */ = {isa = PBXBuildFile; fileRef = AB36FF6528D356FD00AAC00C /* TheSamePageApp.swift */; };
		AB36FF6828D356FD00AAC00C /* RootView.swift in Sources */ = {isa = PBXBuildFile; fileRef = AB36FF6728D356FD00AAC00C /* RootView.swift */; };
		AB36FF6A28D356FE00AAC00C /* Assets.xcassets in Resources */ = {isa = PBXBuildFile; fileRef = AB36FF6928D356FE00AAC00C /* Assets.xcassets */; };
		AB36FF6D28D356FE00AAC00C /* Preview Assets.xcassets in Resources */ = {isa = PBXBuildFile; fileRef = AB36FF6C28D356FE00AAC00C /* Preview Assets.xcassets */; };
		AB36FF7428D358FB00AAC00C /* HomeView.swift in Sources */ = {isa = PBXBuildFile; fileRef = AB36FF7328D358FA00AAC00C /* HomeView.swift */; };
		AB36FF7628D3598900AAC00C /* MyShowsRootView.swift in Sources */ = {isa = PBXBuildFile; fileRef = AB36FF7528D3598900AAC00C /* MyShowsRootView.swift */; };
		AB36FF7828D359E700AAC00C /* OtherUserProfileView.swift in Sources */ = {isa = PBXBuildFile; fileRef = AB36FF7728D359E700AAC00C /* OtherUserProfileView.swift */; };
		AB36FF8028D35BFA00AAC00C /* User.swift in Sources */ = {isa = PBXBuildFile; fileRef = AB36FF7F28D35BFA00AAC00C /* User.swift */; };
		AB36FF8328D35C0600AAC00C /* Show.swift in Sources */ = {isa = PBXBuildFile; fileRef = AB36FF8228D35C0600AAC00C /* Show.swift */; };
		AB36FF8728D35C2000AAC00C /* Band.swift in Sources */ = {isa = PBXBuildFile; fileRef = AB36FF8628D35C2000AAC00C /* Band.swift */; };
		AB36FF8928D35C2800AAC00C /* PlatformLink.swift in Sources */ = {isa = PBXBuildFile; fileRef = AB36FF8828D35C2800AAC00C /* PlatformLink.swift */; };
		AB36FF8D28D35CDF00AAC00C /* BacklineItem.swift in Sources */ = {isa = PBXBuildFile; fileRef = AB36FF8C28D35CDF00AAC00C /* BacklineItem.swift */; };
		AB36FF8F28D35E8C00AAC00C /* Genre.swift in Sources */ = {isa = PBXBuildFile; fileRef = AB36FF8E28D35E8C00AAC00C /* Genre.swift */; };
		AB36FF9428D361A100AAC00C /* DatabaseService.swift in Sources */ = {isa = PBXBuildFile; fileRef = AB36FF9328D361A100AAC00C /* DatabaseService.swift */; };
		AB36FF9828D36A6600AAC00C /* SectionTitle.swift in Sources */ = {isa = PBXBuildFile; fileRef = AB36FF9728D36A6600AAC00C /* SectionTitle.swift */; };
		AB37EBB2290966C90029588C /* HomeShowRow.swift in Sources */ = {isa = PBXBuildFile; fileRef = AB37EBB1290966C90029588C /* HomeShowRow.swift */; };
		AB37EBB6290967750029588C /* HomeShowRowViewModel.swift in Sources */ = {isa = PBXBuildFile; fileRef = AB37EBB5290967750029588C /* HomeShowRowViewModel.swift */; };
		AB37EBB8290971390029588C /* ShowDetailsStaticRow.swift in Sources */ = {isa = PBXBuildFile; fileRef = AB37EBB7290971390029588C /* ShowDetailsStaticRow.swift */; };
		AB38E1B128FB21CB006D1788 /* AddEditShowAddressView.swift in Sources */ = {isa = PBXBuildFile; fileRef = AB38E1B028FB21CB006D1788 /* AddEditShowAddressView.swift */; };
		AB38E1B328FB2422006D1788 /* CLPlacemark+formattedAddress.swift in Sources */ = {isa = PBXBuildFile; fileRef = AB38E1B228FB2422006D1788 /* CLPlacemark+formattedAddress.swift */; };
		AB399AD228D4AF3E009B39F7 /* MyShowsShowCard.swift in Sources */ = {isa = PBXBuildFile; fileRef = AB399AD128D4AF3E009B39F7 /* MyShowsShowCard.swift */; };
		AB399AD428D4B12B009B39F7 /* MyShowsShowCardViewModel.swift in Sources */ = {isa = PBXBuildFile; fileRef = AB399AD328D4B12B009B39F7 /* MyShowsShowCardViewModel.swift */; };
		AB399AD628D4BCD8009B39F7 /* Notes.rtf in Resources */ = {isa = PBXBuildFile; fileRef = AB399AD528D4BCD8009B39F7 /* Notes.rtf */; };
		AB399AD928D4C1CE009B39F7 /* TextUtility.swift in Sources */ = {isa = PBXBuildFile; fileRef = AB399AD828D4C1CE009B39F7 /* TextUtility.swift */; };
		AB399ADB28D4C548009B39F7 /* LoggedInUserController.swift in Sources */ = {isa = PBXBuildFile; fileRef = AB399ADA28D4C548009B39F7 /* LoggedInUserController.swift */; };
		AB3C73D528DC0A1D0038085A /* BandSearchView.swift in Sources */ = {isa = PBXBuildFile; fileRef = AB3C73D428DC0A1D0038085A /* BandSearchView.swift */; };
		AB3C73D728DC0A240038085A /* BandSearchViewModel.swift in Sources */ = {isa = PBXBuildFile; fileRef = AB3C73D628DC0A240038085A /* BandSearchViewModel.swift */; };
		AB3D2C3629060CC500412A7E /* EditImageView.swift in Sources */ = {isa = PBXBuildFile; fileRef = AB3D2C3529060CC500412A7E /* EditImageView.swift */; };
		AB3D2C3829060CCE00412A7E /* EditImageViewModel.swift in Sources */ = {isa = PBXBuildFile; fileRef = AB3D2C3729060CCE00412A7E /* EditImageViewModel.swift */; };
		AB3E11E828D656FF000F147B /* UserProfileBandCard.swift in Sources */ = {isa = PBXBuildFile; fileRef = AB3E11E728D656FF000F147B /* UserProfileBandCard.swift */; };
		AB3E11EA28D65E94000F147B /* UserProfileBandCardViewModel.swift in Sources */ = {isa = PBXBuildFile; fileRef = AB3E11E928D65E94000F147B /* UserProfileBandCardViewModel.swift */; };
		AB4750192900B55C0000DB13 /* AddPercussionBacklineF.swift in Sources */ = {isa = PBXBuildFile; fileRef = AB4750182900B55C0000DB13 /* AddPercussionBacklineF.swift */; };
		AB4A461C29172832007F1C8B /* FirebaseFunctions in Frameworks */ = {isa = PBXBuildFile; productRef = AB4A461B29172832007F1C8B /* FirebaseFunctions */; };
		AB5054A728DC91CF00321380 /* MemberSearchView.swift in Sources */ = {isa = PBXBuildFile; fileRef = AB5054A628DC91CF00321380 /* MemberSearchView.swift */; };
		AB5054A928DC91D700321380 /* MemberSearchViewModel.swift in Sources */ = {isa = PBXBuildFile; fileRef = AB5054A828DC91D700321380 /* MemberSearchViewModel.swift */; };
		AB5054B328DCA04900321380 /* BandInvite.swift in Sources */ = {isa = PBXBuildFile; fileRef = AB5054B228DCA04900321380 /* BandInvite.swift */; };
		AB55E7722901F651009F039B /* DrumKitBacklineItem.swift in Sources */ = {isa = PBXBuildFile; fileRef = AB55E7712901F651009F039B /* DrumKitBacklineItem.swift */; };
		AB582B7E28FA3B3D00D357F3 /* LocationController.swift in Sources */ = {isa = PBXBuildFile; fileRef = AB582B7D28FA3B3D00D357F3 /* LocationController.swift */; };
		AB5B77C528E72B8E00B32537 /* BandLinkCard.swift in Sources */ = {isa = PBXBuildFile; fileRef = AB5B77C428E72B8E00B32537 /* BandLinkCard.swift */; };
		AB5B77C728E72B9600B32537 /* BandLinkCardViewModel.swift in Sources */ = {isa = PBXBuildFile; fileRef = AB5B77C628E72B9600B32537 /* BandLinkCardViewModel.swift */; };
		AB5D08AB2913F5C20073F8EE /* ConversationViewModel.swift in Sources */ = {isa = PBXBuildFile; fileRef = AB5D08AA2913F5C20073F8EE /* ConversationViewModel.swift */; };
		AB5E48F5290029B20076EABE /* HomeViewShowsList.swift in Sources */ = {isa = PBXBuildFile; fileRef = AB5E48F4290029B20076EABE /* HomeViewShowsList.swift */; };
		AB5E48F829003ACF0076EABE /* GuitarGear.swift in Sources */ = {isa = PBXBuildFile; fileRef = AB5E48F729003ACF0076EABE /* GuitarGear.swift */; };
		AB5E48FC29003B950076EABE /* PercussionGearType.swift in Sources */ = {isa = PBXBuildFile; fileRef = AB5E48FB29003B950076EABE /* PercussionGearType.swift */; };
		AB5E48FE29003CA80076EABE /* VocalGear.swift in Sources */ = {isa = PBXBuildFile; fileRef = AB5E48FD29003CA80076EABE /* VocalGear.swift */; };
		AB5E490029003CF10076EABE /* BacklineItemType.swift in Sources */ = {isa = PBXBuildFile; fileRef = AB5E48FF29003CF10076EABE /* BacklineItemType.swift */; };
		AB5E490629003F870076EABE /* AddBacklineView.swift in Sources */ = {isa = PBXBuildFile; fileRef = AB5E490529003F870076EABE /* AddBacklineView.swift */; };
		AB5E490829003F8D0076EABE /* AddBacklineViewModel.swift in Sources */ = {isa = PBXBuildFile; fileRef = AB5E490729003F8D0076EABE /* AddBacklineViewModel.swift */; };
		AB6514DD28F90F1D008DFDD0 /* Date+CustomTimeFormat.swift in Sources */ = {isa = PBXBuildFile; fileRef = AB6514DC28F90F1D008DFDD0 /* Date+CustomTimeFormat.swift */; };
		AB6514DF28F911EB008DFDD0 /* ShowTimeRow.swift in Sources */ = {isa = PBXBuildFile; fileRef = AB6514DE28F911EB008DFDD0 /* ShowTimeRow.swift */; };
		AB66B9B828F0D2EF00E7F0E0 /* ShowDetailsHeader.swift in Sources */ = {isa = PBXBuildFile; fileRef = AB66B9B728F0D2EF00E7F0E0 /* ShowDetailsHeader.swift */; };
		AB6C09DF28D4C7F500990313 /* GoogleService-Info.plist in Resources */ = {isa = PBXBuildFile; fileRef = AB6C09DE28D4C7F500990313 /* GoogleService-Info.plist */; };
		AB794E2D28E25A77000ABB37 /* SearchView.swift in Sources */ = {isa = PBXBuildFile; fileRef = AB794E2C28E25A77000ABB37 /* SearchView.swift */; };
		AB794E2F28E25A81000ABB37 /* SearchViewModel.swift in Sources */ = {isa = PBXBuildFile; fileRef = AB794E2E28E25A81000ABB37 /* SearchViewModel.swift */; };
		AB794E3128E25B0F000ABB37 /* SearchType.swift in Sources */ = {isa = PBXBuildFile; fileRef = AB794E3028E25B0F000ABB37 /* SearchType.swift */; };
		AB7F380F28EF1AA9007741C7 /* ShowInvitesList.swift in Sources */ = {isa = PBXBuildFile; fileRef = AB7F380E28EF1AA9007741C7 /* ShowInvitesList.swift */; };
		AB7F381128EF1AB4007741C7 /* BandInvitesList.swift in Sources */ = {isa = PBXBuildFile; fileRef = AB7F381028EF1AB4007741C7 /* BandInvitesList.swift */; };
		AB7F381328EF1B56007741C7 /* NotificationType.swift in Sources */ = {isa = PBXBuildFile; fileRef = AB7F381228EF1B56007741C7 /* NotificationType.swift */; };
		AB7F381528EF20EA007741C7 /* ShowParticipant.swift in Sources */ = {isa = PBXBuildFile; fileRef = AB7F381428EF20EA007741C7 /* ShowParticipant.swift */; };
		AB8326B429129CE200208414 /* NoDataFoundMessage.swift in Sources */ = {isa = PBXBuildFile; fileRef = AB8326B329129CE200208414 /* NoDataFoundMessage.swift */; };
		AB8326B62912A89800208414 /* ShowBacklineRow.swift in Sources */ = {isa = PBXBuildFile; fileRef = AB8326B52912A89800208414 /* ShowBacklineRow.swift */; };
		AB8326B82912BA2500208414 /* Chat.swift in Sources */ = {isa = PBXBuildFile; fileRef = AB8326B72912BA2500208414 /* Chat.swift */; };
		AB8326BA2912BB3500208414 /* ChatMessage.swift in Sources */ = {isa = PBXBuildFile; fileRef = AB8326B92912BB3500208414 /* ChatMessage.swift */; };
		AB9D086128FDA24B0098A244 /* UserSettingsView.swift in Sources */ = {isa = PBXBuildFile; fileRef = AB9D086028FDA24B0098A244 /* UserSettingsView.swift */; };
		ABA1020728DDE5BE00A4E818 /* NotificationsViewModel.swift in Sources */ = {isa = PBXBuildFile; fileRef = ABA1020628DDE5BE00A4E818 /* NotificationsViewModel.swift */; };
		ABA1020928DDF3C000A4E818 /* NotificationRow.swift in Sources */ = {isa = PBXBuildFile; fileRef = ABA1020828DDF3C000A4E818 /* NotificationRow.swift */; };
		ABA1020B28DDF3E200A4E818 /* NotificationRowViewModel.swift in Sources */ = {isa = PBXBuildFile; fileRef = ABA1020A28DDF3E200A4E818 /* NotificationRowViewModel.swift */; };
		ABA1020D28DDFD6900A4E818 /* BandMember.swift in Sources */ = {isa = PBXBuildFile; fileRef = ABA1020C28DDFD6900A4E818 /* BandMember.swift */; };
		ABA1DDCC28F9A35700E7A72E /* AddShowTimeButtons.swift in Sources */ = {isa = PBXBuildFile; fileRef = ABA1DDCB28F9A35700E7A72E /* AddShowTimeButtons.swift */; };
		ABA1DDCE28F9B2AC00E7A72E /* ViewState.swift in Sources */ = {isa = PBXBuildFile; fileRef = ABA1DDCD28F9B2AC00E7A72E /* ViewState.swift */; };
		ABA784EA290A3CFF0081CBF4 /* PlayingShowRow.swift in Sources */ = {isa = PBXBuildFile; fileRef = ABA784E9290A3CFF0081CBF4 /* PlayingShowRow.swift */; };
		ABAB45F928F24C2400FA8F70 /* HostedShowRow.swift in Sources */ = {isa = PBXBuildFile; fileRef = ABAB45F828F24C2400FA8F70 /* HostedShowRow.swift */; };
		ABB71C4A28FE08D500D3126D /* HomeViewModel.swift in Sources */ = {isa = PBXBuildFile; fileRef = ABB71C4928FE08D500D3126D /* HomeViewModel.swift */; };
		ABB93F3828F0732D0055659B /* AsyncButtonLabel.swift in Sources */ = {isa = PBXBuildFile; fileRef = ABB93F3728F0732D0055659B /* AsyncButtonLabel.swift */; };
		ABBADD7928DFE5FA00720C64 /* BandState.swift in Sources */ = {isa = PBXBuildFile; fileRef = ABBADD7828DFE5FA00720C64 /* BandState.swift */; };
		ABBE94C228D8ADBF00790A04 /* ShowDetailsView.swift in Sources */ = {isa = PBXBuildFile; fileRef = ABBE94C128D8ADBF00790A04 /* ShowDetailsView.swift */; };
		ABBE94C428D8AE7500790A04 /* ShowDetailsViewModel.swift in Sources */ = {isa = PBXBuildFile; fileRef = ABBE94C328D8AE7500790A04 /* ShowDetailsViewModel.swift */; };
		ABCAA9FF28E9E56C00685F91 /* BandProfileHeader.swift in Sources */ = {isa = PBXBuildFile; fileRef = ABCAA9FE28E9E56C00685F91 /* BandProfileHeader.swift */; };
		ABCAAA0228E9ED6C00685F91 /* BandLinkList.swift in Sources */ = {isa = PBXBuildFile; fileRef = ABCAAA0128E9ED6C00685F91 /* BandLinkList.swift */; };
		ABCAAA0428E9ED7500685F91 /* BandLinkListViewModel.swift in Sources */ = {isa = PBXBuildFile; fileRef = ABCAAA0328E9ED7500685F91 /* BandLinkListViewModel.swift */; };
		ABCF232829131E4E003DB6BB /* ConversationView.swift in Sources */ = {isa = PBXBuildFile; fileRef = ABCF232729131E4E003DB6BB /* ConversationView.swift */; };
		ABD029B428E8978F00BDF73C /* BandMemberList.swift in Sources */ = {isa = PBXBuildFile; fileRef = ABD029B328E8978F00BDF73C /* BandMemberList.swift */; };
		ABD029B628E897A400BDF73C /* BandMemberListViewModel.swift in Sources */ = {isa = PBXBuildFile; fileRef = ABD029B528E897A400BDF73C /* BandMemberListViewModel.swift */; };
		ABD18AAA28EE13B9002286C3 /* JoinedShow.swift in Sources */ = {isa = PBXBuildFile; fileRef = ABD18AA928EE13B9002286C3 /* JoinedShow.swift */; };
		ABD18AAD28EE14C1002286C3 /* SendShowInviteView.swift in Sources */ = {isa = PBXBuildFile; fileRef = ABD18AAC28EE14C1002286C3 /* SendShowInviteView.swift */; };
		ABD18AAF28EE14C9002286C3 /* SendShowInviteViewModel.swift in Sources */ = {isa = PBXBuildFile; fileRef = ABD18AAE28EE14C9002286C3 /* SendShowInviteViewModel.swift */; };
		ABD18AB128EE2FAB002286C3 /* ShowInvite.swift in Sources */ = {isa = PBXBuildFile; fileRef = ABD18AB028EE2FAB002286C3 /* ShowInvite.swift */; };
		ABD1D16D28F30CDF00791969 /* MyHostedShowsView.swift in Sources */ = {isa = PBXBuildFile; fileRef = ABD1D16C28F30CDF00791969 /* MyHostedShowsView.swift */; };
		ABD1D16F28F30CE500791969 /* MyPlayingShowsView.swift in Sources */ = {isa = PBXBuildFile; fileRef = ABD1D16E28F30CE500791969 /* MyPlayingShowsView.swift */; };
		ABD1D17128F30D3200791969 /* ShowType.swift in Sources */ = {isa = PBXBuildFile; fileRef = ABD1D17028F30D3200791969 /* ShowType.swift */; };
		ABD323EF28E1180C00540B93 /* SendBandInviteView.swift in Sources */ = {isa = PBXBuildFile; fileRef = ABD323EE28E1180C00540B93 /* SendBandInviteView.swift */; };
		ABD323F128E1181F00540B93 /* SendBandInviteViewModel.swift in Sources */ = {isa = PBXBuildFile; fileRef = ABD323F028E1181F00540B93 /* SendBandInviteViewModel.swift */; };
		ABDC0D7028D748FD0054269E /* NotificationsView.swift in Sources */ = {isa = PBXBuildFile; fileRef = ABDC0D6F28D748FD0054269E /* NotificationsView.swift */; };
		ABDC0D7228D74BFF0054269E /* UserProfileRootViewModel.swift in Sources */ = {isa = PBXBuildFile; fileRef = ABDC0D7128D74BFF0054269E /* UserProfileRootViewModel.swift */; };
		ABDC0D7428D75CC80054269E /* AuthController.swift in Sources */ = {isa = PBXBuildFile; fileRef = ABDC0D7328D75CC80054269E /* AuthController.swift */; };
		ABDC0D7928D76FC60054269E /* AddEditShowViewModel.swift in Sources */ = {isa = PBXBuildFile; fileRef = ABDC0D7828D76FC60054269E /* AddEditShowViewModel.swift */; };
		ABDC0D7B28D76FDE0054269E /* AddEditShowView.swift in Sources */ = {isa = PBXBuildFile; fileRef = ABDC0D7A28D76FDE0054269E /* AddEditShowView.swift */; };
		ABDDAD4528DB3ED200F1CF9B /* ProfileAsyncImage.swift in Sources */ = {isa = PBXBuildFile; fileRef = ABDDAD4428DB3ED200F1CF9B /* ProfileAsyncImage.swift */; };
		ABDDAD4828DB45D100F1CF9B /* AddEditBandView.swift in Sources */ = {isa = PBXBuildFile; fileRef = ABDDAD4728DB45D000F1CF9B /* AddEditBandView.swift */; };
		ABDDAD4A28DB46B500F1CF9B /* ImageSelectionButton.swift in Sources */ = {isa = PBXBuildFile; fileRef = ABDDAD4928DB46B500F1CF9B /* ImageSelectionButton.swift */; };
		ABDDAD4C28DB49DF00F1CF9B /* AddEditBandViewModel.swift in Sources */ = {isa = PBXBuildFile; fileRef = ABDDAD4B28DB49DF00F1CF9B /* AddEditBandViewModel.swift */; };
		ABE3EFA628D91960002EEF23 /* SignUpView.swift in Sources */ = {isa = PBXBuildFile; fileRef = ABE3EFA528D91960002EEF23 /* SignUpView.swift */; };
		ABE3EFA828D919A2002EEF23 /* SignUpViewModel.swift in Sources */ = {isa = PBXBuildFile; fileRef = ABE3EFA728D919A2002EEF23 /* SignUpViewModel.swift */; };
		ABEACE7B28DBBB6200BB1D67 /* InABandView.swift in Sources */ = {isa = PBXBuildFile; fileRef = ABEACE7A28DBBB6200BB1D67 /* InABandView.swift */; };
		ABEACE7D28DBBB6F00BB1D67 /* InABandViewModel.swift in Sources */ = {isa = PBXBuildFile; fileRef = ABEACE7C28DBBB6F00BB1D67 /* InABandViewModel.swift */; };
		ABEC487C28F1DD23005C9A99 /* SmallListRow.swift in Sources */ = {isa = PBXBuildFile; fileRef = ABEC487B28F1DD23005C9A99 /* SmallListRow.swift */; };
		ABEC487E28F1DD32005C9A99 /* SmallListRowViewModel.swift in Sources */ = {isa = PBXBuildFile; fileRef = ABEC487D28F1DD32005C9A99 /* SmallListRowViewModel.swift */; };
		ABEF10E528E64CD800A1DBAC /* AddEditLinkView.swift in Sources */ = {isa = PBXBuildFile; fileRef = ABEF10E428E64CD800A1DBAC /* AddEditLinkView.swift */; };
		ABEF10E728E64CE100A1DBAC /* AddEditLinkViewModel.swift in Sources */ = {isa = PBXBuildFile; fileRef = ABEF10E628E64CE100A1DBAC /* AddEditLinkViewModel.swift */; };
		ABEF10EA28E6506000A1DBAC /* LinkPlatform.swift in Sources */ = {isa = PBXBuildFile; fileRef = ABEF10E928E6506000A1DBAC /* LinkPlatform.swift */; };
		ABF1C40228ECD0F60004A3C1 /* SearchResultRow.swift in Sources */ = {isa = PBXBuildFile; fileRef = ABF1C40128ECD0F60004A3C1 /* SearchResultRow.swift */; };
		ABF1C40428ECD0FD0004A3C1 /* SearchResultRowViewModel.swift in Sources */ = {isa = PBXBuildFile; fileRef = ABF1C40328ECD0FD0004A3C1 /* SearchResultRowViewModel.swift */; };
		ABF1C40628ECE83F0004A3C1 /* TypesenseController.swift in Sources */ = {isa = PBXBuildFile; fileRef = ABF1C40528ECE83F0004A3C1 /* TypesenseController.swift */; };
		ABF1C40828ECF0950004A3C1 /* UserSearchResultsList.swift in Sources */ = {isa = PBXBuildFile; fileRef = ABF1C40728ECF0950004A3C1 /* UserSearchResultsList.swift */; };
		ABF1C40A28ECF09F0004A3C1 /* BandSearchResultsList.swift in Sources */ = {isa = PBXBuildFile; fileRef = ABF1C40928ECF09F0004A3C1 /* BandSearchResultsList.swift */; };
		ABF1C40C28ECF0A50004A3C1 /* ShowSearchResultsList.swift in Sources */ = {isa = PBXBuildFile; fileRef = ABF1C40B28ECF0A50004A3C1 /* ShowSearchResultsList.swift */; };
		ABF5563528DF93DD0059E2DF /* BandProfileRootView.swift in Sources */ = {isa = PBXBuildFile; fileRef = ABF5563428DF93DD0059E2DF /* BandProfileRootView.swift */; };
		ABF5563728DF93E40059E2DF /* BandProfileViewModel.swift in Sources */ = {isa = PBXBuildFile; fileRef = ABF5563628DF93E40059E2DF /* BandProfileViewModel.swift */; };
		ABF8B81928FC43C400608657 /* CustomMapAnnotation.swift in Sources */ = {isa = PBXBuildFile; fileRef = ABF8B81828FC43C400608657 /* CustomMapAnnotation.swift */; };
		ABF8B81B28FC786900608657 /* ErrorMessage.swift in Sources */ = {isa = PBXBuildFile; fileRef = ABF8B81A28FC786900608657 /* ErrorMessage.swift */; };
		ABFB2D482909E33B009A6F65 /* ShowLineupRow.swift in Sources */ = {isa = PBXBuildFile; fileRef = ABFB2D472909E33B009A6F65 /* ShowLineupRow.swift */; };
		ABFBA72129154F97006B1751 /* View+cornerRadius().swift in Sources */ = {isa = PBXBuildFile; fileRef = ABFBA72029154F97006B1751 /* View+cornerRadius().swift */; };
		ABFBA72329154FCD006B1751 /* ChatBubble.swift in Sources */ = {isa = PBXBuildFile; fileRef = ABFBA72229154FCD006B1751 /* ChatBubble.swift */; };
		ABFBA7252915546A006B1751 /* ChatBubbleViewModel.swift in Sources */ = {isa = PBXBuildFile; fileRef = ABFBA7242915546A006B1751 /* ChatBubbleViewModel.swift */; };
/* End PBXBuildFile section */

/* Begin PBXFileReference section */
		AB07295528F454EE0069B268 /* ShowDetailsList.swift */ = {isa = PBXFileReference; lastKnownFileType = sourcecode.swift; path = ShowDetailsList.swift; sourceTree = "<group>"; };
		AB07295728F4631D0069B268 /* SelectedShowDetailsTab.swift */ = {isa = PBXFileReference; lastKnownFileType = sourcecode.swift; path = SelectedShowDetailsTab.swift; sourceTree = "<group>"; };
		AB07295E28F466510069B268 /* ShowLineupTab.swift */ = {isa = PBXFileReference; lastKnownFileType = sourcecode.swift; path = ShowLineupTab.swift; sourceTree = "<group>"; };
		AB07296028F467010069B268 /* ShowDetailsTab.swift */ = {isa = PBXFileReference; lastKnownFileType = sourcecode.swift; path = ShowDetailsTab.swift; sourceTree = "<group>"; };
		AB07296228F468530069B268 /* ShowLocationTab.swift */ = {isa = PBXFileReference; lastKnownFileType = sourcecode.swift; path = ShowLocationTab.swift; sourceTree = "<group>"; };
		AB07296428F468820069B268 /* ShowBacklineTab.swift */ = {isa = PBXFileReference; lastKnownFileType = sourcecode.swift; path = ShowBacklineTab.swift; sourceTree = "<group>"; };
		AB07AC362904738B00E378C6 /* PercussionBacklineList.swift */ = {isa = PBXFileReference; lastKnownFileType = sourcecode.swift; path = PercussionBacklineList.swift; sourceTree = "<group>"; };
		AB07AC3829047F1800E378C6 /* ElectricGuitarBacklineList.swift */ = {isa = PBXFileReference; lastKnownFileType = sourcecode.swift; path = ElectricGuitarBacklineList.swift; sourceTree = "<group>"; };
		AB07AC3A290486F200E378C6 /* BassGuitarBacklineList.swift */ = {isa = PBXFileReference; lastKnownFileType = sourcecode.swift; path = BassGuitarBacklineList.swift; sourceTree = "<group>"; };
		AB0DD4D128F0D82E00CEA1BD /* ShowLineupList.swift */ = {isa = PBXFileReference; lastKnownFileType = sourcecode.swift; path = ShowLineupList.swift; sourceTree = "<group>"; };
		AB1ACE2C28E08F9E00B46C90 /* Instrument.swift */ = {isa = PBXFileReference; lastKnownFileType = sourcecode.swift; path = Instrument.swift; sourceTree = "<group>"; };
		AB24E3A528D7C9B0002B4F2C /* LoginView.swift */ = {isa = PBXFileReference; lastKnownFileType = sourcecode.swift; path = LoginView.swift; sourceTree = "<group>"; };
		AB24E3A728D7C9C4002B4F2C /* LoginViewModel.swift */ = {isa = PBXFileReference; lastKnownFileType = sourcecode.swift; path = LoginViewModel.swift; sourceTree = "<group>"; };
		AB285AF928F6F76200EB5F2B /* ShowTimeTab.swift */ = {isa = PBXFileReference; lastKnownFileType = sourcecode.swift; path = ShowTimeTab.swift; sourceTree = "<group>"; };
		AB285AFB28F6F7EE00EB5F2B /* ShowTimeList.swift */ = {isa = PBXFileReference; lastKnownFileType = sourcecode.swift; path = ShowTimeList.swift; sourceTree = "<group>"; };
		AB285B0128F6FE8A00EB5F2B /* ShowTimeType.swift */ = {isa = PBXFileReference; lastKnownFileType = sourcecode.swift; path = ShowTimeType.swift; sourceTree = "<group>"; };
		AB285B0328F6FF6600EB5F2B /* AddShowTimeView.swift */ = {isa = PBXFileReference; lastKnownFileType = sourcecode.swift; path = AddShowTimeView.swift; sourceTree = "<group>"; };
		AB285B0728F7086D00EB5F2B /* AddShowTimeViewModel.swift */ = {isa = PBXFileReference; lastKnownFileType = sourcecode.swift; path = AddShowTimeViewModel.swift; sourceTree = "<group>"; };
		AB2B867928D9EE43004601B6 /* MyShowsViewModel.swift */ = {isa = PBXFileReference; lastKnownFileType = sourcecode.swift; path = MyShowsViewModel.swift; sourceTree = "<group>"; };
		AB2B867B28D9F444004601B6 /* NoImageView.swift */ = {isa = PBXFileReference; lastKnownFileType = sourcecode.swift; path = NoImageView.swift; sourceTree = "<group>"; };
		AB2B867D28D9F884004601B6 /* ImagePicker.swift */ = {isa = PBXFileReference; lastKnownFileType = sourcecode.swift; path = ImagePicker.swift; sourceTree = "<group>"; };
		AB2BF26C2919C3C200C65DD8 /* ChatInfoView.swift */ = {isa = PBXFileReference; lastKnownFileType = sourcecode.swift; path = ChatInfoView.swift; sourceTree = "<group>"; };
		AB2BF26E2919C3D500C65DD8 /* ChatInfoViewModel.swift */ = {isa = PBXFileReference; lastKnownFileType = sourcecode.swift; path = ChatInfoViewModel.swift; sourceTree = "<group>"; };
		AB31440D29171C5A00E2D08B /* TheSamePage.entitlements */ = {isa = PBXFileReference; lastKnownFileType = text.plist.entitlements; path = TheSamePage.entitlements; sourceTree = "<group>"; };
		AB35A8CB28E9CFCF009FB203 /* LoggedInUserProfileView.swift */ = {isa = PBXFileReference; lastKnownFileType = sourcecode.swift; path = LoggedInUserProfileView.swift; sourceTree = "<group>"; };
		AB35A8D528E9DC73009FB203 /* BandProfileAdminView.swift */ = {isa = PBXFileReference; lastKnownFileType = sourcecode.swift; path = BandProfileAdminView.swift; sourceTree = "<group>"; };
		AB35A8D928E9DC93009FB203 /* BandProfileOtherUserView.swift */ = {isa = PBXFileReference; lastKnownFileType = sourcecode.swift; path = BandProfileOtherUserView.swift; sourceTree = "<group>"; };
		AB35A8DC28E9DE1B009FB203 /* UserBandListViewModel.swift */ = {isa = PBXFileReference; lastKnownFileType = sourcecode.swift; path = UserBandListViewModel.swift; sourceTree = "<group>"; };
		AB35A8DE28E9DE29009FB203 /* UserBandList.swift */ = {isa = PBXFileReference; lastKnownFileType = sourcecode.swift; path = UserBandList.swift; sourceTree = "<group>"; };
		AB36FF6228D356FD00AAC00C /* TheSamePage.app */ = {isa = PBXFileReference; explicitFileType = wrapper.application; includeInIndex = 0; path = TheSamePage.app; sourceTree = BUILT_PRODUCTS_DIR; };
		AB36FF6528D356FD00AAC00C /* TheSamePageApp.swift */ = {isa = PBXFileReference; lastKnownFileType = sourcecode.swift; path = TheSamePageApp.swift; sourceTree = "<group>"; };
		AB36FF6728D356FD00AAC00C /* RootView.swift */ = {isa = PBXFileReference; lastKnownFileType = sourcecode.swift; path = RootView.swift; sourceTree = "<group>"; };
		AB36FF6928D356FE00AAC00C /* Assets.xcassets */ = {isa = PBXFileReference; lastKnownFileType = folder.assetcatalog; path = Assets.xcassets; sourceTree = "<group>"; };
		AB36FF6C28D356FE00AAC00C /* Preview Assets.xcassets */ = {isa = PBXFileReference; lastKnownFileType = folder.assetcatalog; path = "Preview Assets.xcassets"; sourceTree = "<group>"; };
		AB36FF7328D358FA00AAC00C /* HomeView.swift */ = {isa = PBXFileReference; lastKnownFileType = sourcecode.swift; path = HomeView.swift; sourceTree = "<group>"; };
		AB36FF7528D3598900AAC00C /* MyShowsRootView.swift */ = {isa = PBXFileReference; lastKnownFileType = sourcecode.swift; path = MyShowsRootView.swift; sourceTree = "<group>"; };
		AB36FF7728D359E700AAC00C /* OtherUserProfileView.swift */ = {isa = PBXFileReference; lastKnownFileType = sourcecode.swift; path = OtherUserProfileView.swift; sourceTree = "<group>"; };
		AB36FF7F28D35BFA00AAC00C /* User.swift */ = {isa = PBXFileReference; lastKnownFileType = sourcecode.swift; path = User.swift; sourceTree = "<group>"; };
		AB36FF8228D35C0600AAC00C /* Show.swift */ = {isa = PBXFileReference; lastKnownFileType = sourcecode.swift; path = Show.swift; sourceTree = "<group>"; };
		AB36FF8628D35C2000AAC00C /* Band.swift */ = {isa = PBXFileReference; lastKnownFileType = sourcecode.swift; path = Band.swift; sourceTree = "<group>"; };
		AB36FF8828D35C2800AAC00C /* PlatformLink.swift */ = {isa = PBXFileReference; lastKnownFileType = sourcecode.swift; path = PlatformLink.swift; sourceTree = "<group>"; };
		AB36FF8C28D35CDF00AAC00C /* BacklineItem.swift */ = {isa = PBXFileReference; lastKnownFileType = sourcecode.swift; path = BacklineItem.swift; sourceTree = "<group>"; };
		AB36FF8E28D35E8C00AAC00C /* Genre.swift */ = {isa = PBXFileReference; lastKnownFileType = sourcecode.swift; path = Genre.swift; sourceTree = "<group>"; };
		AB36FF9328D361A100AAC00C /* DatabaseService.swift */ = {isa = PBXFileReference; lastKnownFileType = sourcecode.swift; path = DatabaseService.swift; sourceTree = "<group>"; };
		AB36FF9728D36A6600AAC00C /* SectionTitle.swift */ = {isa = PBXFileReference; lastKnownFileType = sourcecode.swift; path = SectionTitle.swift; sourceTree = "<group>"; };
		AB37EBB1290966C90029588C /* HomeShowRow.swift */ = {isa = PBXFileReference; lastKnownFileType = sourcecode.swift; path = HomeShowRow.swift; sourceTree = "<group>"; };
		AB37EBB5290967750029588C /* HomeShowRowViewModel.swift */ = {isa = PBXFileReference; lastKnownFileType = sourcecode.swift; path = HomeShowRowViewModel.swift; sourceTree = "<group>"; };
		AB37EBB7290971390029588C /* ShowDetailsStaticRow.swift */ = {isa = PBXFileReference; lastKnownFileType = sourcecode.swift; path = ShowDetailsStaticRow.swift; sourceTree = "<group>"; };
		AB38E1B028FB21CB006D1788 /* AddEditShowAddressView.swift */ = {isa = PBXFileReference; lastKnownFileType = sourcecode.swift; path = AddEditShowAddressView.swift; sourceTree = "<group>"; };
		AB38E1B228FB2422006D1788 /* CLPlacemark+formattedAddress.swift */ = {isa = PBXFileReference; lastKnownFileType = sourcecode.swift; path = "CLPlacemark+formattedAddress.swift"; sourceTree = "<group>"; };
		AB399AD128D4AF3E009B39F7 /* MyShowsShowCard.swift */ = {isa = PBXFileReference; lastKnownFileType = sourcecode.swift; path = MyShowsShowCard.swift; sourceTree = "<group>"; };
		AB399AD328D4B12B009B39F7 /* MyShowsShowCardViewModel.swift */ = {isa = PBXFileReference; lastKnownFileType = sourcecode.swift; path = MyShowsShowCardViewModel.swift; sourceTree = "<group>"; };
		AB399AD528D4BCD8009B39F7 /* Notes.rtf */ = {isa = PBXFileReference; lastKnownFileType = text.rtf; path = Notes.rtf; sourceTree = "<group>"; };
		AB399AD828D4C1CE009B39F7 /* TextUtility.swift */ = {isa = PBXFileReference; lastKnownFileType = sourcecode.swift; path = TextUtility.swift; sourceTree = "<group>"; };
		AB399ADA28D4C548009B39F7 /* LoggedInUserController.swift */ = {isa = PBXFileReference; lastKnownFileType = sourcecode.swift; path = LoggedInUserController.swift; sourceTree = "<group>"; };
		AB3C73D428DC0A1D0038085A /* BandSearchView.swift */ = {isa = PBXFileReference; lastKnownFileType = sourcecode.swift; path = BandSearchView.swift; sourceTree = "<group>"; };
		AB3C73D628DC0A240038085A /* BandSearchViewModel.swift */ = {isa = PBXFileReference; lastKnownFileType = sourcecode.swift; path = BandSearchViewModel.swift; sourceTree = "<group>"; };
		AB3D2C3529060CC500412A7E /* EditImageView.swift */ = {isa = PBXFileReference; lastKnownFileType = sourcecode.swift; path = EditImageView.swift; sourceTree = "<group>"; };
		AB3D2C3729060CCE00412A7E /* EditImageViewModel.swift */ = {isa = PBXFileReference; lastKnownFileType = sourcecode.swift; path = EditImageViewModel.swift; sourceTree = "<group>"; };
		AB3E11E728D656FF000F147B /* UserProfileBandCard.swift */ = {isa = PBXFileReference; lastKnownFileType = sourcecode.swift; path = UserProfileBandCard.swift; sourceTree = "<group>"; };
		AB3E11E928D65E94000F147B /* UserProfileBandCardViewModel.swift */ = {isa = PBXFileReference; lastKnownFileType = sourcecode.swift; path = UserProfileBandCardViewModel.swift; sourceTree = "<group>"; };
		AB4750182900B55C0000DB13 /* AddPercussionBacklineF.swift */ = {isa = PBXFileReference; lastKnownFileType = sourcecode.swift; path = AddPercussionBacklineF.swift; sourceTree = "<group>"; };
		AB5054A628DC91CF00321380 /* MemberSearchView.swift */ = {isa = PBXFileReference; lastKnownFileType = sourcecode.swift; path = MemberSearchView.swift; sourceTree = "<group>"; };
		AB5054A828DC91D700321380 /* MemberSearchViewModel.swift */ = {isa = PBXFileReference; lastKnownFileType = sourcecode.swift; path = MemberSearchViewModel.swift; sourceTree = "<group>"; };
		AB5054B228DCA04900321380 /* BandInvite.swift */ = {isa = PBXFileReference; lastKnownFileType = sourcecode.swift; path = BandInvite.swift; sourceTree = "<group>"; };
		AB55E7712901F651009F039B /* DrumKitBacklineItem.swift */ = {isa = PBXFileReference; lastKnownFileType = sourcecode.swift; path = DrumKitBacklineItem.swift; sourceTree = "<group>"; };
		AB582B7D28FA3B3D00D357F3 /* LocationController.swift */ = {isa = PBXFileReference; lastKnownFileType = sourcecode.swift; path = LocationController.swift; sourceTree = "<group>"; };
		AB5B77C428E72B8E00B32537 /* BandLinkCard.swift */ = {isa = PBXFileReference; lastKnownFileType = sourcecode.swift; path = BandLinkCard.swift; sourceTree = "<group>"; };
		AB5B77C628E72B9600B32537 /* BandLinkCardViewModel.swift */ = {isa = PBXFileReference; lastKnownFileType = sourcecode.swift; path = BandLinkCardViewModel.swift; sourceTree = "<group>"; };
		AB5D08AA2913F5C20073F8EE /* ConversationViewModel.swift */ = {isa = PBXFileReference; lastKnownFileType = sourcecode.swift; path = ConversationViewModel.swift; sourceTree = "<group>"; };
		AB5E48F4290029B20076EABE /* HomeViewShowsList.swift */ = {isa = PBXFileReference; lastKnownFileType = sourcecode.swift; path = HomeViewShowsList.swift; sourceTree = "<group>"; };
		AB5E48F729003ACF0076EABE /* GuitarGear.swift */ = {isa = PBXFileReference; lastKnownFileType = sourcecode.swift; path = GuitarGear.swift; sourceTree = "<group>"; };
		AB5E48FB29003B950076EABE /* PercussionGearType.swift */ = {isa = PBXFileReference; lastKnownFileType = sourcecode.swift; path = PercussionGearType.swift; sourceTree = "<group>"; };
		AB5E48FD29003CA80076EABE /* VocalGear.swift */ = {isa = PBXFileReference; lastKnownFileType = sourcecode.swift; path = VocalGear.swift; sourceTree = "<group>"; };
		AB5E48FF29003CF10076EABE /* BacklineItemType.swift */ = {isa = PBXFileReference; lastKnownFileType = sourcecode.swift; path = BacklineItemType.swift; sourceTree = "<group>"; };
		AB5E490529003F870076EABE /* AddBacklineView.swift */ = {isa = PBXFileReference; lastKnownFileType = sourcecode.swift; path = AddBacklineView.swift; sourceTree = "<group>"; };
		AB5E490729003F8D0076EABE /* AddBacklineViewModel.swift */ = {isa = PBXFileReference; lastKnownFileType = sourcecode.swift; path = AddBacklineViewModel.swift; sourceTree = "<group>"; };
		AB6514DC28F90F1D008DFDD0 /* Date+CustomTimeFormat.swift */ = {isa = PBXFileReference; lastKnownFileType = sourcecode.swift; path = "Date+CustomTimeFormat.swift"; sourceTree = "<group>"; };
		AB6514DE28F911EB008DFDD0 /* ShowTimeRow.swift */ = {isa = PBXFileReference; lastKnownFileType = sourcecode.swift; path = ShowTimeRow.swift; sourceTree = "<group>"; };
		AB66B9B728F0D2EF00E7F0E0 /* ShowDetailsHeader.swift */ = {isa = PBXFileReference; lastKnownFileType = sourcecode.swift; path = ShowDetailsHeader.swift; sourceTree = "<group>"; };
		AB6C09DE28D4C7F500990313 /* GoogleService-Info.plist */ = {isa = PBXFileReference; fileEncoding = 4; lastKnownFileType = text.plist.xml; path = "GoogleService-Info.plist"; sourceTree = "<group>"; };
		AB794E2C28E25A77000ABB37 /* SearchView.swift */ = {isa = PBXFileReference; lastKnownFileType = sourcecode.swift; path = SearchView.swift; sourceTree = "<group>"; };
		AB794E2E28E25A81000ABB37 /* SearchViewModel.swift */ = {isa = PBXFileReference; lastKnownFileType = sourcecode.swift; path = SearchViewModel.swift; sourceTree = "<group>"; };
		AB794E3028E25B0F000ABB37 /* SearchType.swift */ = {isa = PBXFileReference; lastKnownFileType = sourcecode.swift; path = SearchType.swift; sourceTree = "<group>"; };
		AB7F380E28EF1AA9007741C7 /* ShowInvitesList.swift */ = {isa = PBXFileReference; lastKnownFileType = sourcecode.swift; path = ShowInvitesList.swift; sourceTree = "<group>"; };
		AB7F381028EF1AB4007741C7 /* BandInvitesList.swift */ = {isa = PBXFileReference; lastKnownFileType = sourcecode.swift; path = BandInvitesList.swift; sourceTree = "<group>"; };
		AB7F381228EF1B56007741C7 /* NotificationType.swift */ = {isa = PBXFileReference; lastKnownFileType = sourcecode.swift; path = NotificationType.swift; sourceTree = "<group>"; };
		AB7F381428EF20EA007741C7 /* ShowParticipant.swift */ = {isa = PBXFileReference; lastKnownFileType = sourcecode.swift; path = ShowParticipant.swift; sourceTree = "<group>"; };
		AB8326B329129CE200208414 /* NoDataFoundMessage.swift */ = {isa = PBXFileReference; lastKnownFileType = sourcecode.swift; path = NoDataFoundMessage.swift; sourceTree = "<group>"; };
		AB8326B52912A89800208414 /* ShowBacklineRow.swift */ = {isa = PBXFileReference; lastKnownFileType = sourcecode.swift; path = ShowBacklineRow.swift; sourceTree = "<group>"; };
		AB8326B72912BA2500208414 /* Chat.swift */ = {isa = PBXFileReference; lastKnownFileType = sourcecode.swift; path = Chat.swift; sourceTree = "<group>"; };
		AB8326B92912BB3500208414 /* ChatMessage.swift */ = {isa = PBXFileReference; lastKnownFileType = sourcecode.swift; path = ChatMessage.swift; sourceTree = "<group>"; };
		AB9D086028FDA24B0098A244 /* UserSettingsView.swift */ = {isa = PBXFileReference; lastKnownFileType = sourcecode.swift; path = UserSettingsView.swift; sourceTree = "<group>"; };
		ABA1020628DDE5BE00A4E818 /* NotificationsViewModel.swift */ = {isa = PBXFileReference; lastKnownFileType = sourcecode.swift; path = NotificationsViewModel.swift; sourceTree = "<group>"; };
		ABA1020828DDF3C000A4E818 /* NotificationRow.swift */ = {isa = PBXFileReference; lastKnownFileType = sourcecode.swift; path = NotificationRow.swift; sourceTree = "<group>"; };
		ABA1020A28DDF3E200A4E818 /* NotificationRowViewModel.swift */ = {isa = PBXFileReference; lastKnownFileType = sourcecode.swift; path = NotificationRowViewModel.swift; sourceTree = "<group>"; };
		ABA1020C28DDFD6900A4E818 /* BandMember.swift */ = {isa = PBXFileReference; lastKnownFileType = sourcecode.swift; path = BandMember.swift; sourceTree = "<group>"; };
		ABA1DDCB28F9A35700E7A72E /* AddShowTimeButtons.swift */ = {isa = PBXFileReference; lastKnownFileType = sourcecode.swift; path = AddShowTimeButtons.swift; sourceTree = "<group>"; };
		ABA1DDCD28F9B2AC00E7A72E /* ViewState.swift */ = {isa = PBXFileReference; lastKnownFileType = sourcecode.swift; path = ViewState.swift; sourceTree = "<group>"; };
		ABA784E9290A3CFF0081CBF4 /* PlayingShowRow.swift */ = {isa = PBXFileReference; lastKnownFileType = sourcecode.swift; path = PlayingShowRow.swift; sourceTree = "<group>"; };
		ABAB45F828F24C2400FA8F70 /* HostedShowRow.swift */ = {isa = PBXFileReference; lastKnownFileType = sourcecode.swift; path = HostedShowRow.swift; sourceTree = "<group>"; };
		ABB71C4928FE08D500D3126D /* HomeViewModel.swift */ = {isa = PBXFileReference; lastKnownFileType = sourcecode.swift; path = HomeViewModel.swift; sourceTree = "<group>"; };
		ABB93F3728F0732D0055659B /* AsyncButtonLabel.swift */ = {isa = PBXFileReference; lastKnownFileType = sourcecode.swift; path = AsyncButtonLabel.swift; sourceTree = "<group>"; };
		ABBADD7828DFE5FA00720C64 /* BandState.swift */ = {isa = PBXFileReference; lastKnownFileType = sourcecode.swift; path = BandState.swift; sourceTree = "<group>"; };
		ABBE94C128D8ADBF00790A04 /* ShowDetailsView.swift */ = {isa = PBXFileReference; lastKnownFileType = sourcecode.swift; path = ShowDetailsView.swift; sourceTree = "<group>"; };
		ABBE94C328D8AE7500790A04 /* ShowDetailsViewModel.swift */ = {isa = PBXFileReference; lastKnownFileType = sourcecode.swift; path = ShowDetailsViewModel.swift; sourceTree = "<group>"; };
		ABCAA9FE28E9E56C00685F91 /* BandProfileHeader.swift */ = {isa = PBXFileReference; fileEncoding = 4; lastKnownFileType = sourcecode.swift; path = BandProfileHeader.swift; sourceTree = "<group>"; };
		ABCAAA0128E9ED6C00685F91 /* BandLinkList.swift */ = {isa = PBXFileReference; lastKnownFileType = sourcecode.swift; path = BandLinkList.swift; sourceTree = "<group>"; };
		ABCAAA0328E9ED7500685F91 /* BandLinkListViewModel.swift */ = {isa = PBXFileReference; lastKnownFileType = sourcecode.swift; path = BandLinkListViewModel.swift; sourceTree = "<group>"; };
		ABCF232729131E4E003DB6BB /* ConversationView.swift */ = {isa = PBXFileReference; lastKnownFileType = sourcecode.swift; path = ConversationView.swift; sourceTree = "<group>"; };
		ABD029B328E8978F00BDF73C /* BandMemberList.swift */ = {isa = PBXFileReference; lastKnownFileType = sourcecode.swift; path = BandMemberList.swift; sourceTree = "<group>"; };
		ABD029B528E897A400BDF73C /* BandMemberListViewModel.swift */ = {isa = PBXFileReference; lastKnownFileType = sourcecode.swift; path = BandMemberListViewModel.swift; sourceTree = "<group>"; };
		ABD18AA928EE13B9002286C3 /* JoinedShow.swift */ = {isa = PBXFileReference; lastKnownFileType = sourcecode.swift; path = JoinedShow.swift; sourceTree = "<group>"; };
		ABD18AAC28EE14C1002286C3 /* SendShowInviteView.swift */ = {isa = PBXFileReference; lastKnownFileType = sourcecode.swift; path = SendShowInviteView.swift; sourceTree = "<group>"; };
		ABD18AAE28EE14C9002286C3 /* SendShowInviteViewModel.swift */ = {isa = PBXFileReference; lastKnownFileType = sourcecode.swift; path = SendShowInviteViewModel.swift; sourceTree = "<group>"; };
		ABD18AB028EE2FAB002286C3 /* ShowInvite.swift */ = {isa = PBXFileReference; lastKnownFileType = sourcecode.swift; path = ShowInvite.swift; sourceTree = "<group>"; };
		ABD1D16C28F30CDF00791969 /* MyHostedShowsView.swift */ = {isa = PBXFileReference; lastKnownFileType = sourcecode.swift; path = MyHostedShowsView.swift; sourceTree = "<group>"; };
		ABD1D16E28F30CE500791969 /* MyPlayingShowsView.swift */ = {isa = PBXFileReference; lastKnownFileType = sourcecode.swift; path = MyPlayingShowsView.swift; sourceTree = "<group>"; };
		ABD1D17028F30D3200791969 /* ShowType.swift */ = {isa = PBXFileReference; lastKnownFileType = sourcecode.swift; path = ShowType.swift; sourceTree = "<group>"; };
		ABD323EE28E1180C00540B93 /* SendBandInviteView.swift */ = {isa = PBXFileReference; lastKnownFileType = sourcecode.swift; path = SendBandInviteView.swift; sourceTree = "<group>"; };
		ABD323F028E1181F00540B93 /* SendBandInviteViewModel.swift */ = {isa = PBXFileReference; lastKnownFileType = sourcecode.swift; path = SendBandInviteViewModel.swift; sourceTree = "<group>"; };
		ABDC0D6F28D748FD0054269E /* NotificationsView.swift */ = {isa = PBXFileReference; lastKnownFileType = sourcecode.swift; path = NotificationsView.swift; sourceTree = "<group>"; };
		ABDC0D7128D74BFF0054269E /* UserProfileRootViewModel.swift */ = {isa = PBXFileReference; lastKnownFileType = sourcecode.swift; path = UserProfileRootViewModel.swift; sourceTree = "<group>"; };
		ABDC0D7328D75CC80054269E /* AuthController.swift */ = {isa = PBXFileReference; lastKnownFileType = sourcecode.swift; path = AuthController.swift; sourceTree = "<group>"; };
		ABDC0D7828D76FC60054269E /* AddEditShowViewModel.swift */ = {isa = PBXFileReference; lastKnownFileType = sourcecode.swift; path = AddEditShowViewModel.swift; sourceTree = "<group>"; };
		ABDC0D7A28D76FDE0054269E /* AddEditShowView.swift */ = {isa = PBXFileReference; lastKnownFileType = sourcecode.swift; path = AddEditShowView.swift; sourceTree = "<group>"; };
		ABDDAD4428DB3ED200F1CF9B /* ProfileAsyncImage.swift */ = {isa = PBXFileReference; lastKnownFileType = sourcecode.swift; path = ProfileAsyncImage.swift; sourceTree = "<group>"; };
		ABDDAD4728DB45D000F1CF9B /* AddEditBandView.swift */ = {isa = PBXFileReference; lastKnownFileType = sourcecode.swift; path = AddEditBandView.swift; sourceTree = "<group>"; };
		ABDDAD4928DB46B500F1CF9B /* ImageSelectionButton.swift */ = {isa = PBXFileReference; lastKnownFileType = sourcecode.swift; path = ImageSelectionButton.swift; sourceTree = "<group>"; };
		ABDDAD4B28DB49DF00F1CF9B /* AddEditBandViewModel.swift */ = {isa = PBXFileReference; lastKnownFileType = sourcecode.swift; path = AddEditBandViewModel.swift; sourceTree = "<group>"; };
		ABE3EFA528D91960002EEF23 /* SignUpView.swift */ = {isa = PBXFileReference; lastKnownFileType = sourcecode.swift; path = SignUpView.swift; sourceTree = "<group>"; };
		ABE3EFA728D919A2002EEF23 /* SignUpViewModel.swift */ = {isa = PBXFileReference; lastKnownFileType = sourcecode.swift; path = SignUpViewModel.swift; sourceTree = "<group>"; };
		ABEACE7A28DBBB6200BB1D67 /* InABandView.swift */ = {isa = PBXFileReference; lastKnownFileType = sourcecode.swift; path = InABandView.swift; sourceTree = "<group>"; };
		ABEACE7C28DBBB6F00BB1D67 /* InABandViewModel.swift */ = {isa = PBXFileReference; lastKnownFileType = sourcecode.swift; path = InABandViewModel.swift; sourceTree = "<group>"; };
		ABEC487B28F1DD23005C9A99 /* SmallListRow.swift */ = {isa = PBXFileReference; lastKnownFileType = sourcecode.swift; path = SmallListRow.swift; sourceTree = "<group>"; };
		ABEC487D28F1DD32005C9A99 /* SmallListRowViewModel.swift */ = {isa = PBXFileReference; lastKnownFileType = sourcecode.swift; path = SmallListRowViewModel.swift; sourceTree = "<group>"; };
		ABEF10E428E64CD800A1DBAC /* AddEditLinkView.swift */ = {isa = PBXFileReference; lastKnownFileType = sourcecode.swift; path = AddEditLinkView.swift; sourceTree = "<group>"; };
		ABEF10E628E64CE100A1DBAC /* AddEditLinkViewModel.swift */ = {isa = PBXFileReference; lastKnownFileType = sourcecode.swift; path = AddEditLinkViewModel.swift; sourceTree = "<group>"; };
		ABEF10E828E64F8800A1DBAC /* Info.plist */ = {isa = PBXFileReference; lastKnownFileType = text.plist; path = Info.plist; sourceTree = "<group>"; };
		ABEF10E928E6506000A1DBAC /* LinkPlatform.swift */ = {isa = PBXFileReference; lastKnownFileType = sourcecode.swift; path = LinkPlatform.swift; sourceTree = "<group>"; };
		ABF1C40128ECD0F60004A3C1 /* SearchResultRow.swift */ = {isa = PBXFileReference; lastKnownFileType = sourcecode.swift; path = SearchResultRow.swift; sourceTree = "<group>"; };
		ABF1C40328ECD0FD0004A3C1 /* SearchResultRowViewModel.swift */ = {isa = PBXFileReference; lastKnownFileType = sourcecode.swift; path = SearchResultRowViewModel.swift; sourceTree = "<group>"; };
		ABF1C40528ECE83F0004A3C1 /* TypesenseController.swift */ = {isa = PBXFileReference; lastKnownFileType = sourcecode.swift; path = TypesenseController.swift; sourceTree = "<group>"; };
		ABF1C40728ECF0950004A3C1 /* UserSearchResultsList.swift */ = {isa = PBXFileReference; lastKnownFileType = sourcecode.swift; path = UserSearchResultsList.swift; sourceTree = "<group>"; };
		ABF1C40928ECF09F0004A3C1 /* BandSearchResultsList.swift */ = {isa = PBXFileReference; lastKnownFileType = sourcecode.swift; path = BandSearchResultsList.swift; sourceTree = "<group>"; };
		ABF1C40B28ECF0A50004A3C1 /* ShowSearchResultsList.swift */ = {isa = PBXFileReference; lastKnownFileType = sourcecode.swift; path = ShowSearchResultsList.swift; sourceTree = "<group>"; };
		ABF5563428DF93DD0059E2DF /* BandProfileRootView.swift */ = {isa = PBXFileReference; lastKnownFileType = sourcecode.swift; path = BandProfileRootView.swift; sourceTree = "<group>"; };
		ABF5563628DF93E40059E2DF /* BandProfileViewModel.swift */ = {isa = PBXFileReference; lastKnownFileType = sourcecode.swift; path = BandProfileViewModel.swift; sourceTree = "<group>"; };
		ABF8B81828FC43C400608657 /* CustomMapAnnotation.swift */ = {isa = PBXFileReference; lastKnownFileType = sourcecode.swift; path = CustomMapAnnotation.swift; sourceTree = "<group>"; };
		ABF8B81A28FC786900608657 /* ErrorMessage.swift */ = {isa = PBXFileReference; lastKnownFileType = sourcecode.swift; path = ErrorMessage.swift; sourceTree = "<group>"; };
		ABFB2D472909E33B009A6F65 /* ShowLineupRow.swift */ = {isa = PBXFileReference; lastKnownFileType = sourcecode.swift; path = ShowLineupRow.swift; sourceTree = "<group>"; };
		ABFBA72029154F97006B1751 /* View+cornerRadius().swift */ = {isa = PBXFileReference; fileEncoding = 4; lastKnownFileType = sourcecode.swift; path = "View+cornerRadius().swift"; sourceTree = "<group>"; };
		ABFBA72229154FCD006B1751 /* ChatBubble.swift */ = {isa = PBXFileReference; lastKnownFileType = sourcecode.swift; path = ChatBubble.swift; sourceTree = "<group>"; };
		ABFBA7242915546A006B1751 /* ChatBubbleViewModel.swift */ = {isa = PBXFileReference; lastKnownFileType = sourcecode.swift; path = ChatBubbleViewModel.swift; sourceTree = "<group>"; };
/* End PBXFileReference section */

/* Begin PBXFrameworksBuildPhase section */
		AB36FF5F28D356FD00AAC00C /* Frameworks */ = {
			isa = PBXFrameworksBuildPhase;
			buildActionMask = 2147483647;
			files = (
				AB31440C291713B300E2D08B /* FirebaseMessaging in Frameworks */,
				AB4A461C29172832007F1C8B /* FirebaseFunctions in Frameworks */,
				AB07AC2C290452B900E378C6 /* FirebaseAuth in Frameworks */,
				AB07AC32290452B900E378C6 /* FirebaseStorage in Frameworks */,
				AB07AC2E290452B900E378C6 /* FirebaseFirestore in Frameworks */,
				AB07AC352904534F00E378C6 /* Typesense in Frameworks */,
				AB07AC30290452B900E378C6 /* FirebaseFirestoreSwift in Frameworks */,
			);
			runOnlyForDeploymentPostprocessing = 0;
		};
/* End PBXFrameworksBuildPhase section */

/* Begin PBXGroup section */
		AB07295C28F4661D0069B268 /* ShowBacklineTab */ = {
			isa = PBXGroup;
			children = (
				AB07296428F468820069B268 /* ShowBacklineTab.swift */,
				AB07AC362904738B00E378C6 /* PercussionBacklineList.swift */,
				AB07AC3829047F1800E378C6 /* ElectricGuitarBacklineList.swift */,
				AB07AC3A290486F200E378C6 /* BassGuitarBacklineList.swift */,
				AB8326B52912A89800208414 /* ShowBacklineRow.swift */,
				AB5E490929003FA00076EABE /* AddBackline */,
			);
			path = ShowBacklineTab;
			sourceTree = "<group>";
		};
		AB24E3A428D7C9A8002B4F2C /* LoginView */ = {
			isa = PBXGroup;
			children = (
				AB24E3A528D7C9B0002B4F2C /* LoginView.swift */,
				AB24E3A728D7C9C4002B4F2C /* LoginViewModel.swift */,
			);
			path = LoginView;
			sourceTree = "<group>";
		};
		AB285AF828F6F71D00EB5F2B /* ShowTimeTab */ = {
			isa = PBXGroup;
			children = (
				AB285AF928F6F76200EB5F2B /* ShowTimeTab.swift */,
				AB285AFB28F6F7EE00EB5F2B /* ShowTimeList.swift */,
				AB6514DE28F911EB008DFDD0 /* ShowTimeRow.swift */,
				ABA1DDCB28F9A35700E7A72E /* AddShowTimeButtons.swift */,
				AB6514E328F91250008DFDD0 /* AddShowTimeView */,
			);
			path = ShowTimeTab;
			sourceTree = "<group>";
		};
		AB2BF26A2919C3A000C65DD8 /* ConversationView */ = {
			isa = PBXGroup;
			children = (
				ABCF232729131E4E003DB6BB /* ConversationView.swift */,
				AB5D08AA2913F5C20073F8EE /* ConversationViewModel.swift */,
			);
			path = ConversationView;
			sourceTree = "<group>";
		};
		AB2BF26B2919C3B300C65DD8 /* ChatInfoView */ = {
			isa = PBXGroup;
			children = (
				AB2BF26C2919C3C200C65DD8 /* ChatInfoView.swift */,
				AB2BF26E2919C3D500C65DD8 /* ChatInfoViewModel.swift */,
			);
			path = ChatInfoView;
			sourceTree = "<group>";
		};
		AB2BF2702919C46800C65DD8 /* ChatBubble */ = {
			isa = PBXGroup;
			children = (
				ABFBA72229154FCD006B1751 /* ChatBubble.swift */,
				ABFBA7242915546A006B1751 /* ChatBubbleViewModel.swift */,
			);
			path = ChatBubble;
			sourceTree = "<group>";
		};
		AB35A8D328E9D044009FB203 /* ProfileViews */ = {
			isa = PBXGroup;
			children = (
				AB36FF7D28D35BA700AAC00C /* UserProfileView */,
				ABF5563328DF93CF0059E2DF /* BandProfileView */,
			);
			path = ProfileViews;
			sourceTree = "<group>";
		};
		AB35A8D428E9D275009FB203 /* UserProfileBandCard */ = {
			isa = PBXGroup;
			children = (
				AB3E11E728D656FF000F147B /* UserProfileBandCard.swift */,
				AB3E11E928D65E94000F147B /* UserProfileBandCardViewModel.swift */,
			);
			path = UserProfileBandCard;
			sourceTree = "<group>";
		};
		AB35A8DB28E9DDDB009FB203 /* UserBandList */ = {
			isa = PBXGroup;
			children = (
				AB35A8DE28E9DE29009FB203 /* UserBandList.swift */,
				AB35A8DC28E9DE1B009FB203 /* UserBandListViewModel.swift */,
			);
			path = UserBandList;
			sourceTree = "<group>";
		};
		AB36FF5928D356FD00AAC00C = {
			isa = PBXGroup;
			children = (
				AB36FF6428D356FD00AAC00C /* TheSamePage */,
				AB36FF6328D356FD00AAC00C /* Products */,
				FF4320B392FCA7A1D9B09394 /* Frameworks */,
			);
			sourceTree = "<group>";
		};
		AB36FF6328D356FD00AAC00C /* Products */ = {
			isa = PBXGroup;
			children = (
				AB36FF6228D356FD00AAC00C /* TheSamePage.app */,
			);
			name = Products;
			sourceTree = "<group>";
		};
		AB36FF6428D356FD00AAC00C /* TheSamePage */ = {
			isa = PBXGroup;
			children = (
				AB31440D29171C5A00E2D08B /* TheSamePage.entitlements */,
				ABEF10E828E64F8800A1DBAC /* Info.plist */,
				AB36FF6528D356FD00AAC00C /* TheSamePageApp.swift */,
				AB399AD528D4BCD8009B39F7 /* Notes.rtf */,
				AB36FF7E28D35BDC00AAC00C /* Model */,
				AB36FF7928D35B9500AAC00C /* Views */,
				AB36FFA028D372A100AAC00C /* Controllers */,
				AB36FF9228D3619000AAC00C /* Services */,
				AB399AD728D4C1C3009B39F7 /* Utilities */,
				AB6514DA28F90EED008DFDD0 /* Extensions */,
				AB36FF6928D356FE00AAC00C /* Assets.xcassets */,
				AB6C09DE28D4C7F500990313 /* GoogleService-Info.plist */,
				AB36FF6B28D356FE00AAC00C /* Preview Content */,
			);
			path = TheSamePage;
			sourceTree = "<group>";
		};
		AB36FF6B28D356FE00AAC00C /* Preview Content */ = {
			isa = PBXGroup;
			children = (
				AB36FF6C28D356FE00AAC00C /* Preview Assets.xcassets */,
			);
			path = "Preview Content";
			sourceTree = "<group>";
		};
		AB36FF7928D35B9500AAC00C /* Views */ = {
			isa = PBXGroup;
			children = (
				AB3D2C3429060CBD00412A7E /* EditImageView */,
				ABEACE7628DBBB2900BB1D67 /* Onboarding */,
				AB36FF7A28D35B9A00AAC00C /* RootView */,
				AB36FF7B28D35B9D00AAC00C /* HomeView */,
				AB36FF7C28D35BA200AAC00C /* MyShowsView */,
				ABDC0D6E28D748E50054269E /* NotificationsView */,
				AB35A8D328E9D044009FB203 /* ProfileViews */,
				ABB5804E28E47A8000F6C141 /* AddEdit */,
				ABBE94C028D8AD9E00790A04 /* ShowDetailsView */,
				AB5054B128DC9BFF00321380 /* Searching */,
				AB9D085F28FDA2300098A244 /* Settings */,
				AB36FF9628D36A4F00AAC00C /* Miscellaneous */,
			);
			path = Views;
			sourceTree = "<group>";
		};
		AB36FF7A28D35B9A00AAC00C /* RootView */ = {
			isa = PBXGroup;
			children = (
				AB36FF6728D356FD00AAC00C /* RootView.swift */,
			);
			path = RootView;
			sourceTree = "<group>";
		};
		AB36FF7B28D35B9D00AAC00C /* HomeView */ = {
			isa = PBXGroup;
			children = (
				AB36FF7328D358FA00AAC00C /* HomeView.swift */,
				AB5E48F4290029B20076EABE /* HomeViewShowsList.swift */,
				AB37EBB1290966C90029588C /* HomeShowRow.swift */,
				AB37EBB5290967750029588C /* HomeShowRowViewModel.swift */,
				ABB71C4928FE08D500D3126D /* HomeViewModel.swift */,
			);
			path = HomeView;
			sourceTree = "<group>";
		};
		AB36FF7C28D35BA200AAC00C /* MyShowsView */ = {
			isa = PBXGroup;
			children = (
				AB36FF7528D3598900AAC00C /* MyShowsRootView.swift */,
				ABD1D16C28F30CDF00791969 /* MyHostedShowsView.swift */,
				ABD1D16E28F30CE500791969 /* MyPlayingShowsView.swift */,
				ABAB45F828F24C2400FA8F70 /* HostedShowRow.swift */,
				ABA784E9290A3CFF0081CBF4 /* PlayingShowRow.swift */,
				AB2B867928D9EE43004601B6 /* MyShowsViewModel.swift */,
				ABCAAA0828E9F66000685F91 /* MyShowsShowCard */,
			);
			path = MyShowsView;
			sourceTree = "<group>";
		};
		AB36FF7D28D35BA700AAC00C /* UserProfileView */ = {
			isa = PBXGroup;
			children = (
				AB35A8CB28E9CFCF009FB203 /* LoggedInUserProfileView.swift */,
				AB36FF7728D359E700AAC00C /* OtherUserProfileView.swift */,
				ABDC0D7128D74BFF0054269E /* UserProfileRootViewModel.swift */,
				ABD323ED28E117F800540B93 /* SendBandInviteView */,
				AB35A8DB28E9DDDB009FB203 /* UserBandList */,
				AB35A8D428E9D275009FB203 /* UserProfileBandCard */,
			);
			path = UserProfileView;
			sourceTree = "<group>";
		};
		AB36FF7E28D35BDC00AAC00C /* Model */ = {
			isa = PBXGroup;
			children = (
				AB36FF9028D35E8F00AAC00C /* Structs */,
				AB36FF9128D35ECB00AAC00C /* Enums */,
			);
			path = Model;
			sourceTree = "<group>";
		};
		AB36FF9028D35E8F00AAC00C /* Structs */ = {
			isa = PBXGroup;
			children = (
				AB36FF7F28D35BFA00AAC00C /* User.swift */,
				ABD18AA928EE13B9002286C3 /* JoinedShow.swift */,
				AB36FF8228D35C0600AAC00C /* Show.swift */,
				ABD18AB028EE2FAB002286C3 /* ShowInvite.swift */,
				AB7F381428EF20EA007741C7 /* ShowParticipant.swift */,
				AB36FF8628D35C2000AAC00C /* Band.swift */,
				ABA1020C28DDFD6900A4E818 /* BandMember.swift */,
				AB36FF8828D35C2800AAC00C /* PlatformLink.swift */,
				AB36FF8C28D35CDF00AAC00C /* BacklineItem.swift */,
				AB55E7712901F651009F039B /* DrumKitBacklineItem.swift */,
				AB5054B228DCA04900321380 /* BandInvite.swift */,
				ABF8B81828FC43C400608657 /* CustomMapAnnotation.swift */,
				AB8326B72912BA2500208414 /* Chat.swift */,
				AB8326B92912BB3500208414 /* ChatMessage.swift */,
			);
			path = Structs;
			sourceTree = "<group>";
		};
		AB36FF9128D35ECB00AAC00C /* Enums */ = {
			isa = PBXGroup;
			children = (
				AB36FF8E28D35E8C00AAC00C /* Genre.swift */,
				ABEF10E928E6506000A1DBAC /* LinkPlatform.swift */,
				ABBADD7828DFE5FA00720C64 /* BandState.swift */,
				AB1ACE2C28E08F9E00B46C90 /* Instrument.swift */,
				AB794E3028E25B0F000ABB37 /* SearchType.swift */,
				AB7F381228EF1B56007741C7 /* NotificationType.swift */,
				ABD1D17028F30D3200791969 /* ShowType.swift */,
				AB07295728F4631D0069B268 /* SelectedShowDetailsTab.swift */,
				AB285B0128F6FE8A00EB5F2B /* ShowTimeType.swift */,
				ABA1DDCD28F9B2AC00E7A72E /* ViewState.swift */,
				AB5E48F629003ABD0076EABE /* Backline */,
			);
			path = Enums;
			sourceTree = "<group>";
		};
		AB36FF9228D3619000AAC00C /* Services */ = {
			isa = PBXGroup;
			children = (
				AB36FF9328D361A100AAC00C /* DatabaseService.swift */,
			);
			path = Services;
			sourceTree = "<group>";
		};
		AB36FF9628D36A4F00AAC00C /* Miscellaneous */ = {
			isa = PBXGroup;
			children = (
				AB36FF9728D36A6600AAC00C /* SectionTitle.swift */,
				ABDDAD4428DB3ED200F1CF9B /* ProfileAsyncImage.swift */,
				AB2B867B28D9F444004601B6 /* NoImageView.swift */,
				AB2B867D28D9F884004601B6 /* ImagePicker.swift */,
				ABDDAD4928DB46B500F1CF9B /* ImageSelectionButton.swift */,
				ABB93F3728F0732D0055659B /* AsyncButtonLabel.swift */,
				ABF8B81A28FC786900608657 /* ErrorMessage.swift */,
				AB8326B329129CE200208414 /* NoDataFoundMessage.swift */,
				ABEC487A28F1DC7E005C9A99 /* SmallListRow */,
			);
			path = Miscellaneous;
			sourceTree = "<group>";
		};
		AB36FFA028D372A100AAC00C /* Controllers */ = {
			isa = PBXGroup;
			children = (
				AB399ADA28D4C548009B39F7 /* LoggedInUserController.swift */,
				ABDC0D7328D75CC80054269E /* AuthController.swift */,
				ABF1C40528ECE83F0004A3C1 /* TypesenseController.swift */,
				AB582B7D28FA3B3D00D357F3 /* LocationController.swift */,
			);
			path = Controllers;
			sourceTree = "<group>";
		};
		AB399AD728D4C1C3009B39F7 /* Utilities */ = {
			isa = PBXGroup;
			children = (
				AB399AD828D4C1CE009B39F7 /* TextUtility.swift */,
			);
			path = Utilities;
			sourceTree = "<group>";
		};
		AB3C73D328DC0A0C0038085A /* BandSearchView */ = {
			isa = PBXGroup;
			children = (
				AB3C73D428DC0A1D0038085A /* BandSearchView.swift */,
				AB3C73D628DC0A240038085A /* BandSearchViewModel.swift */,
			);
			path = BandSearchView;
			sourceTree = "<group>";
		};
		AB3D2C3429060CBD00412A7E /* EditImageView */ = {
			isa = PBXGroup;
			children = (
				AB3D2C3529060CC500412A7E /* EditImageView.swift */,
				AB3D2C3729060CCE00412A7E /* EditImageViewModel.swift */,
			);
			path = EditImageView;
			sourceTree = "<group>";
		};
		AB5054A528DC91B400321380 /* MemberSearchView */ = {
			isa = PBXGroup;
			children = (
				AB5054A628DC91CF00321380 /* MemberSearchView.swift */,
				AB5054A828DC91D700321380 /* MemberSearchViewModel.swift */,
			);
			path = MemberSearchView;
			sourceTree = "<group>";
		};
		AB5054B128DC9BFF00321380 /* Searching */ = {
			isa = PBXGroup;
			children = (
				AB794E2B28E25902000ABB37 /* SearchView */,
				ABF1C40028ECD0E70004A3C1 /* SearchResultRow */,
				AB3C73D328DC0A0C0038085A /* BandSearchView */,
				AB5054A528DC91B400321380 /* MemberSearchView */,
			);
			path = Searching;
			sourceTree = "<group>";
		};
		AB5B77C328E72B7100B32537 /* BandLinkCard */ = {
			isa = PBXGroup;
			children = (
				AB5B77C428E72B8E00B32537 /* BandLinkCard.swift */,
				AB5B77C628E72B9600B32537 /* BandLinkCardViewModel.swift */,
			);
			path = BandLinkCard;
			sourceTree = "<group>";
		};
		AB5E48F629003ABD0076EABE /* Backline */ = {
			isa = PBXGroup;
			children = (
				AB5E48FF29003CF10076EABE /* BacklineItemType.swift */,
				AB5E48F729003ACF0076EABE /* GuitarGear.swift */,
				AB5E48FB29003B950076EABE /* PercussionGearType.swift */,
				AB5E48FD29003CA80076EABE /* VocalGear.swift */,
			);
			path = Backline;
			sourceTree = "<group>";
		};
		AB5E490929003FA00076EABE /* AddBackline */ = {
			isa = PBXGroup;
			children = (
				AB5E490529003F870076EABE /* AddBacklineView.swift */,
				AB4750182900B55C0000DB13 /* AddPercussionBacklineF.swift */,
				AB5E490729003F8D0076EABE /* AddBacklineViewModel.swift */,
			);
			path = AddBackline;
			sourceTree = "<group>";
		};
		AB6514DA28F90EED008DFDD0 /* Extensions */ = {
			isa = PBXGroup;
			children = (
				ABFBA72029154F97006B1751 /* View+cornerRadius().swift */,
				AB38E1B228FB2422006D1788 /* CLPlacemark+formattedAddress.swift */,
				AB6514DC28F90F1D008DFDD0 /* Date+CustomTimeFormat.swift */,
			);
			path = Extensions;
			sourceTree = "<group>";
		};
		AB6514E328F91250008DFDD0 /* AddShowTimeView */ = {
			isa = PBXGroup;
			children = (
				AB285B0328F6FF6600EB5F2B /* AddShowTimeView.swift */,
				AB285B0728F7086D00EB5F2B /* AddShowTimeViewModel.swift */,
			);
			path = AddShowTimeView;
			sourceTree = "<group>";
		};
		AB6A6AF628EA498600996557 /* NotificationRow */ = {
			isa = PBXGroup;
			children = (
				ABA1020828DDF3C000A4E818 /* NotificationRow.swift */,
				ABA1020A28DDF3E200A4E818 /* NotificationRowViewModel.swift */,
			);
			path = NotificationRow;
			sourceTree = "<group>";
		};
		AB794E2B28E25902000ABB37 /* SearchView */ = {
			isa = PBXGroup;
			children = (
				AB794E2C28E25A77000ABB37 /* SearchView.swift */,
				ABF1C40728ECF0950004A3C1 /* UserSearchResultsList.swift */,
				ABF1C40928ECF09F0004A3C1 /* BandSearchResultsList.swift */,
				ABF1C40B28ECF0A50004A3C1 /* ShowSearchResultsList.swift */,
				AB794E2E28E25A81000ABB37 /* SearchViewModel.swift */,
			);
			path = SearchView;
			sourceTree = "<group>";
		};
		AB9D085F28FDA2300098A244 /* Settings */ = {
			isa = PBXGroup;
			children = (
				AB9D086028FDA24B0098A244 /* UserSettingsView.swift */,
			);
			path = Settings;
			sourceTree = "<group>";
		};
		ABB5804E28E47A8000F6C141 /* AddEdit */ = {
			isa = PBXGroup;
			children = (
				ABDC0D7528D76F980054269E /* AddEditShowView */,
				ABDDAD4628DB45A800F1CF9B /* AddEditBandView */,
			);
			path = AddEdit;
			sourceTree = "<group>";
		};
		ABBE94C028D8AD9E00790A04 /* ShowDetailsView */ = {
			isa = PBXGroup;
			children = (
				ABBE94C128D8ADBF00790A04 /* ShowDetailsView.swift */,
				AB66B9B728F0D2EF00E7F0E0 /* ShowDetailsHeader.swift */,
				AB07296228F468530069B268 /* ShowLocationTab.swift */,
				ABBE94C328D8AE7500790A04 /* ShowDetailsViewModel.swift */,
				ABFB2D452909E2B4009A6F65 /* ShowDetailsTab */,
				ABFB2D462909E2C5009A6F65 /* ShowLineupTab */,
				AB285AF828F6F71D00EB5F2B /* ShowTimeTab */,
				AB07295C28F4661D0069B268 /* ShowBacklineTab */,
				ABCF232629131E46003DB6BB /* Chat */,
			);
			path = ShowDetailsView;
			sourceTree = "<group>";
		};
		ABCAAA0028E9ED4900685F91 /* BandLinkList */ = {
			isa = PBXGroup;
			children = (
				ABCAAA0128E9ED6C00685F91 /* BandLinkList.swift */,
				ABCAAA0328E9ED7500685F91 /* BandLinkListViewModel.swift */,
			);
			path = BandLinkList;
			sourceTree = "<group>";
		};
		ABCAAA0828E9F66000685F91 /* MyShowsShowCard */ = {
			isa = PBXGroup;
			children = (
				AB399AD128D4AF3E009B39F7 /* MyShowsShowCard.swift */,
				AB399AD328D4B12B009B39F7 /* MyShowsShowCardViewModel.swift */,
			);
			path = MyShowsShowCard;
			sourceTree = "<group>";
		};
		ABCF232629131E46003DB6BB /* Chat */ = {
			isa = PBXGroup;
			children = (
				AB2BF26A2919C3A000C65DD8 /* ConversationView */,
				AB2BF2702919C46800C65DD8 /* ChatBubble */,
				AB2BF26B2919C3B300C65DD8 /* ChatInfoView */,
			);
			path = Chat;
			sourceTree = "<group>";
		};
		ABD029B228E8978400BDF73C /* BandMemberList */ = {
			isa = PBXGroup;
			children = (
				ABD029B328E8978F00BDF73C /* BandMemberList.swift */,
				ABD029B528E897A400BDF73C /* BandMemberListViewModel.swift */,
			);
			path = BandMemberList;
			sourceTree = "<group>";
		};
		ABD18AAB28EE14B1002286C3 /* SendShowInviteView */ = {
			isa = PBXGroup;
			children = (
				ABD18AAC28EE14C1002286C3 /* SendShowInviteView.swift */,
				ABD18AAE28EE14C9002286C3 /* SendShowInviteViewModel.swift */,
			);
			path = SendShowInviteView;
			sourceTree = "<group>";
		};
		ABD323ED28E117F800540B93 /* SendBandInviteView */ = {
			isa = PBXGroup;
			children = (
				ABD323EE28E1180C00540B93 /* SendBandInviteView.swift */,
				ABD323F028E1181F00540B93 /* SendBandInviteViewModel.swift */,
			);
			path = SendBandInviteView;
			sourceTree = "<group>";
		};
		ABDC0D6E28D748E50054269E /* NotificationsView */ = {
			isa = PBXGroup;
			children = (
				ABDC0D6F28D748FD0054269E /* NotificationsView.swift */,
				AB7F380E28EF1AA9007741C7 /* ShowInvitesList.swift */,
				AB7F381028EF1AB4007741C7 /* BandInvitesList.swift */,
				ABA1020628DDE5BE00A4E818 /* NotificationsViewModel.swift */,
				AB6A6AF628EA498600996557 /* NotificationRow */,
			);
			path = NotificationsView;
			sourceTree = "<group>";
		};
		ABDC0D7528D76F980054269E /* AddEditShowView */ = {
			isa = PBXGroup;
			children = (
				ABDC0D7A28D76FDE0054269E /* AddEditShowView.swift */,
				AB38E1B028FB21CB006D1788 /* AddEditShowAddressView.swift */,
				ABDC0D7828D76FC60054269E /* AddEditShowViewModel.swift */,
			);
			path = AddEditShowView;
			sourceTree = "<group>";
		};
		ABDDAD4628DB45A800F1CF9B /* AddEditBandView */ = {
			isa = PBXGroup;
			children = (
				ABDDAD4728DB45D000F1CF9B /* AddEditBandView.swift */,
				ABDDAD4B28DB49DF00F1CF9B /* AddEditBandViewModel.swift */,
			);
			path = AddEditBandView;
			sourceTree = "<group>";
		};
		ABE3EFA428D91955002EEF23 /* SignUpView */ = {
			isa = PBXGroup;
			children = (
				ABE3EFA528D91960002EEF23 /* SignUpView.swift */,
				ABE3EFA728D919A2002EEF23 /* SignUpViewModel.swift */,
			);
			path = SignUpView;
			sourceTree = "<group>";
		};
		ABEACE7628DBBB2900BB1D67 /* Onboarding */ = {
			isa = PBXGroup;
			children = (
				AB24E3A428D7C9A8002B4F2C /* LoginView */,
				ABE3EFA428D91955002EEF23 /* SignUpView */,
				ABEACE7728DBBB4300BB1D67 /* InABandView */,
			);
			path = Onboarding;
			sourceTree = "<group>";
		};
		ABEACE7728DBBB4300BB1D67 /* InABandView */ = {
			isa = PBXGroup;
			children = (
				ABEACE7A28DBBB6200BB1D67 /* InABandView.swift */,
				ABEACE7C28DBBB6F00BB1D67 /* InABandViewModel.swift */,
			);
			path = InABandView;
			sourceTree = "<group>";
		};
		ABEC487A28F1DC7E005C9A99 /* SmallListRow */ = {
			isa = PBXGroup;
			children = (
				ABEC487B28F1DD23005C9A99 /* SmallListRow.swift */,
				ABEC487D28F1DD32005C9A99 /* SmallListRowViewModel.swift */,
			);
			path = SmallListRow;
			sourceTree = "<group>";
		};
		ABEF10E328E64CCB00A1DBAC /* AddEditLinkView */ = {
			isa = PBXGroup;
			children = (
				ABEF10E428E64CD800A1DBAC /* AddEditLinkView.swift */,
				ABEF10E628E64CE100A1DBAC /* AddEditLinkViewModel.swift */,
			);
			path = AddEditLinkView;
			sourceTree = "<group>";
		};
		ABF1C40028ECD0E70004A3C1 /* SearchResultRow */ = {
			isa = PBXGroup;
			children = (
				ABF1C40128ECD0F60004A3C1 /* SearchResultRow.swift */,
				ABF1C40328ECD0FD0004A3C1 /* SearchResultRowViewModel.swift */,
			);
			path = SearchResultRow;
			sourceTree = "<group>";
		};
		ABF5563328DF93CF0059E2DF /* BandProfileView */ = {
			isa = PBXGroup;
			children = (
				ABF5563428DF93DD0059E2DF /* BandProfileRootView.swift */,
				AB35A8D528E9DC73009FB203 /* BandProfileAdminView.swift */,
				AB35A8D928E9DC93009FB203 /* BandProfileOtherUserView.swift */,
				ABCAA9FE28E9E56C00685F91 /* BandProfileHeader.swift */,
				ABF5563628DF93E40059E2DF /* BandProfileViewModel.swift */,
				ABD18AAB28EE14B1002286C3 /* SendShowInviteView */,
				ABD029B228E8978400BDF73C /* BandMemberList */,
				ABCAAA0028E9ED4900685F91 /* BandLinkList */,
				AB5B77C328E72B7100B32537 /* BandLinkCard */,
				ABEF10E328E64CCB00A1DBAC /* AddEditLinkView */,
			);
			path = BandProfileView;
			sourceTree = "<group>";
		};
		ABFB2D452909E2B4009A6F65 /* ShowDetailsTab */ = {
			isa = PBXGroup;
			children = (
				AB07296028F467010069B268 /* ShowDetailsTab.swift */,
				AB07295528F454EE0069B268 /* ShowDetailsList.swift */,
				AB37EBB7290971390029588C /* ShowDetailsStaticRow.swift */,
			);
			path = ShowDetailsTab;
			sourceTree = "<group>";
		};
		ABFB2D462909E2C5009A6F65 /* ShowLineupTab */ = {
			isa = PBXGroup;
			children = (
				AB07295E28F466510069B268 /* ShowLineupTab.swift */,
				AB0DD4D128F0D82E00CEA1BD /* ShowLineupList.swift */,
				ABFB2D472909E33B009A6F65 /* ShowLineupRow.swift */,
			);
			path = ShowLineupTab;
			sourceTree = "<group>";
		};
		FF4320B392FCA7A1D9B09394 /* Frameworks */ = {
			isa = PBXGroup;
			children = (
			);
			name = Frameworks;
			sourceTree = "<group>";
		};
/* End PBXGroup section */

/* Begin PBXNativeTarget section */
		AB36FF6128D356FD00AAC00C /* TheSamePage */ = {
			isa = PBXNativeTarget;
			buildConfigurationList = AB36FF7028D356FE00AAC00C /* Build configuration list for PBXNativeTarget "TheSamePage" */;
			buildPhases = (
				AB36FF5E28D356FD00AAC00C /* Sources */,
				AB36FF5F28D356FD00AAC00C /* Frameworks */,
				AB36FF6028D356FD00AAC00C /* Resources */,
			);
			buildRules = (
			);
			dependencies = (
			);
			name = TheSamePage;
			packageProductDependencies = (
				AB07AC2B290452B900E378C6 /* FirebaseAuth */,
				AB07AC2D290452B900E378C6 /* FirebaseFirestore */,
				AB07AC2F290452B900E378C6 /* FirebaseFirestoreSwift */,
				AB07AC31290452B900E378C6 /* FirebaseStorage */,
				AB07AC342904534F00E378C6 /* Typesense */,
				AB31440B291713B300E2D08B /* FirebaseMessaging */,
				AB4A461B29172832007F1C8B /* FirebaseFunctions */,
			);
			productName = TheSamePage;
			productReference = AB36FF6228D356FD00AAC00C /* TheSamePage.app */;
			productType = "com.apple.product-type.application";
		};
/* End PBXNativeTarget section */

/* Begin PBXProject section */
		AB36FF5A28D356FD00AAC00C /* Project object */ = {
			isa = PBXProject;
			attributes = {
				BuildIndependentTargetsInParallel = 1;
				LastSwiftUpdateCheck = 1400;
				LastUpgradeCheck = 1400;
				TargetAttributes = {
					AB36FF6128D356FD00AAC00C = {
						CreatedOnToolsVersion = 14.0;
					};
				};
			};
			buildConfigurationList = AB36FF5D28D356FD00AAC00C /* Build configuration list for PBXProject "TheSamePage" */;
			compatibilityVersion = "Xcode 14.0";
			developmentRegion = en;
			hasScannedForEncodings = 0;
			knownRegions = (
				en,
				Base,
			);
			mainGroup = AB36FF5928D356FD00AAC00C;
			packageReferences = (
				AB07AC2A290452B900E378C6 /* XCRemoteSwiftPackageReference "firebase-ios-sdk" */,
				AB07AC332904534F00E378C6 /* XCRemoteSwiftPackageReference "typesense-swift" */,
			);
			productRefGroup = AB36FF6328D356FD00AAC00C /* Products */;
			projectDirPath = "";
			projectRoot = "";
			targets = (
				AB36FF6128D356FD00AAC00C /* TheSamePage */,
			);
		};
/* End PBXProject section */

/* Begin PBXResourcesBuildPhase section */
		AB36FF6028D356FD00AAC00C /* Resources */ = {
			isa = PBXResourcesBuildPhase;
			buildActionMask = 2147483647;
			files = (
				AB36FF6D28D356FE00AAC00C /* Preview Assets.xcassets in Resources */,
				AB6C09DF28D4C7F500990313 /* GoogleService-Info.plist in Resources */,
				AB399AD628D4BCD8009B39F7 /* Notes.rtf in Resources */,
				AB36FF6A28D356FE00AAC00C /* Assets.xcassets in Resources */,
			);
			runOnlyForDeploymentPostprocessing = 0;
		};
/* End PBXResourcesBuildPhase section */

/* Begin PBXSourcesBuildPhase section */
		AB36FF5E28D356FD00AAC00C /* Sources */ = {
			isa = PBXSourcesBuildPhase;
			buildActionMask = 2147483647;
			files = (
				AB5E48FC29003B950076EABE /* PercussionGearType.swift in Sources */,
				AB5E48FE29003CA80076EABE /* VocalGear.swift in Sources */,
				ABD029B428E8978F00BDF73C /* BandMemberList.swift in Sources */,
				AB5054A928DC91D700321380 /* MemberSearchViewModel.swift in Sources */,
				AB36FF7428D358FB00AAC00C /* HomeView.swift in Sources */,
				ABBADD7928DFE5FA00720C64 /* BandState.swift in Sources */,
				AB37EBB8290971390029588C /* ShowDetailsStaticRow.swift in Sources */,
				ABD1D17128F30D3200791969 /* ShowType.swift in Sources */,
				AB2B867A28D9EE43004601B6 /* MyShowsViewModel.swift in Sources */,
				AB38E1B128FB21CB006D1788 /* AddEditShowAddressView.swift in Sources */,
				ABF1C40A28ECF09F0004A3C1 /* BandSearchResultsList.swift in Sources */,
				AB7F381128EF1AB4007741C7 /* BandInvitesList.swift in Sources */,
				AB399ADB28D4C548009B39F7 /* LoggedInUserController.swift in Sources */,
				ABCAAA0228E9ED6C00685F91 /* BandLinkList.swift in Sources */,
				AB36FF7628D3598900AAC00C /* MyShowsRootView.swift in Sources */,
				ABEF10E728E64CE100A1DBAC /* AddEditLinkViewModel.swift in Sources */,
				ABDC0D7428D75CC80054269E /* AuthController.swift in Sources */,
				ABF5563528DF93DD0059E2DF /* BandProfileRootView.swift in Sources */,
				AB399AD928D4C1CE009B39F7 /* TextUtility.swift in Sources */,
				AB66B9B828F0D2EF00E7F0E0 /* ShowDetailsHeader.swift in Sources */,
				AB36FF8028D35BFA00AAC00C /* User.swift in Sources */,
				AB6514DD28F90F1D008DFDD0 /* Date+CustomTimeFormat.swift in Sources */,
				AB5E490629003F870076EABE /* AddBacklineView.swift in Sources */,
				ABD029B628E897A400BDF73C /* BandMemberListViewModel.swift in Sources */,
				AB36FF9828D36A6600AAC00C /* SectionTitle.swift in Sources */,
				AB07295628F454EE0069B268 /* ShowDetailsList.swift in Sources */,
				ABDC0D7B28D76FDE0054269E /* AddEditShowView.swift in Sources */,
				AB35A8DD28E9DE1B009FB203 /* UserBandListViewModel.swift in Sources */,
				ABA1020728DDE5BE00A4E818 /* NotificationsViewModel.swift in Sources */,
				ABD323F128E1181F00540B93 /* SendBandInviteViewModel.swift in Sources */,
				ABA784EA290A3CFF0081CBF4 /* PlayingShowRow.swift in Sources */,
				AB794E2D28E25A77000ABB37 /* SearchView.swift in Sources */,
				ABF1C40628ECE83F0004A3C1 /* TypesenseController.swift in Sources */,
				ABA1DDCC28F9A35700E7A72E /* AddShowTimeButtons.swift in Sources */,
				ABEC487E28F1DD32005C9A99 /* SmallListRowViewModel.swift in Sources */,
				AB5054A728DC91CF00321380 /* MemberSearchView.swift in Sources */,
				AB285AFA28F6F76200EB5F2B /* ShowTimeTab.swift in Sources */,
				AB8326B82912BA2500208414 /* Chat.swift in Sources */,
				AB3E11E828D656FF000F147B /* UserProfileBandCard.swift in Sources */,
				ABB71C4A28FE08D500D3126D /* HomeViewModel.swift in Sources */,
				ABEACE7B28DBBB6200BB1D67 /* InABandView.swift in Sources */,
				ABF1C40228ECD0F60004A3C1 /* SearchResultRow.swift in Sources */,
				AB7F381328EF1B56007741C7 /* NotificationType.swift in Sources */,
				ABD1D16D28F30CDF00791969 /* MyHostedShowsView.swift in Sources */,
				AB5E490829003F8D0076EABE /* AddBacklineViewModel.swift in Sources */,
				ABB93F3828F0732D0055659B /* AsyncButtonLabel.swift in Sources */,
				ABF8B81928FC43C400608657 /* CustomMapAnnotation.swift in Sources */,
				ABE3EFA628D91960002EEF23 /* SignUpView.swift in Sources */,
				ABDC0D7228D74BFF0054269E /* UserProfileRootViewModel.swift in Sources */,
				AB399AD228D4AF3E009B39F7 /* MyShowsShowCard.swift in Sources */,
				AB5D08AB2913F5C20073F8EE /* ConversationViewModel.swift in Sources */,
				ABFBA72329154FCD006B1751 /* ChatBubble.swift in Sources */,
				AB07AC3B290486F200E378C6 /* BassGuitarBacklineList.swift in Sources */,
				AB5E48F5290029B20076EABE /* HomeViewShowsList.swift in Sources */,
				AB794E2F28E25A81000ABB37 /* SearchViewModel.swift in Sources */,
				AB5B77C528E72B8E00B32537 /* BandLinkCard.swift in Sources */,
				ABA1020928DDF3C000A4E818 /* NotificationRow.swift in Sources */,
				ABBE94C428D8AE7500790A04 /* ShowDetailsViewModel.swift in Sources */,
				AB2B867C28D9F444004601B6 /* NoImageView.swift in Sources */,
				ABDDAD4A28DB46B500F1CF9B /* ImageSelectionButton.swift in Sources */,
				AB36FF7828D359E700AAC00C /* OtherUserProfileView.swift in Sources */,
				ABFBA72129154F97006B1751 /* View+cornerRadius().swift in Sources */,
				ABCAAA0428E9ED7500685F91 /* BandLinkListViewModel.swift in Sources */,
				AB8326B429129CE200208414 /* NoDataFoundMessage.swift in Sources */,
				AB36FF6828D356FD00AAC00C /* RootView.swift in Sources */,
				AB7F380F28EF1AA9007741C7 /* ShowInvitesList.swift in Sources */,
				AB4750192900B55C0000DB13 /* AddPercussionBacklineF.swift in Sources */,
				AB37EBB6290967750029588C /* HomeShowRowViewModel.swift in Sources */,
				AB3E11EA28D65E94000F147B /* UserProfileBandCardViewModel.swift in Sources */,
				ABEC487C28F1DD23005C9A99 /* SmallListRow.swift in Sources */,
				AB24E3A828D7C9C4002B4F2C /* LoginViewModel.swift in Sources */,
				AB07AC3929047F1800E378C6 /* ElectricGuitarBacklineList.swift in Sources */,
				ABBE94C228D8ADBF00790A04 /* ShowDetailsView.swift in Sources */,
				AB55E7722901F651009F039B /* DrumKitBacklineItem.swift in Sources */,
				ABDDAD4828DB45D100F1CF9B /* AddEditBandView.swift in Sources */,
				ABA1020D28DDFD6900A4E818 /* BandMember.swift in Sources */,
				AB07296528F468820069B268 /* ShowBacklineTab.swift in Sources */,
				AB3D2C3629060CC500412A7E /* EditImageView.swift in Sources */,
				ABD18AAF28EE14C9002286C3 /* SendShowInviteViewModel.swift in Sources */,
				ABD18AB128EE2FAB002286C3 /* ShowInvite.swift in Sources */,
				AB24E3A628D7C9B0002B4F2C /* LoginView.swift in Sources */,
				AB2BF26D2919C3C200C65DD8 /* ChatInfoView.swift in Sources */,
				AB36FF8728D35C2000AAC00C /* Band.swift in Sources */,
				ABAB45F928F24C2400FA8F70 /* HostedShowRow.swift in Sources */,
				AB6514DF28F911EB008DFDD0 /* ShowTimeRow.swift in Sources */,
				AB3C73D528DC0A1D0038085A /* BandSearchView.swift in Sources */,
				ABFB2D482909E33B009A6F65 /* ShowLineupRow.swift in Sources */,
				ABD18AAA28EE13B9002286C3 /* JoinedShow.swift in Sources */,
				ABDC0D7028D748FD0054269E /* NotificationsView.swift in Sources */,
				ABA1DDCE28F9B2AC00E7A72E /* ViewState.swift in Sources */,
				AB7F381528EF20EA007741C7 /* ShowParticipant.swift in Sources */,
				AB07295828F4631D0069B268 /* SelectedShowDetailsTab.swift in Sources */,
				ABDDAD4528DB3ED200F1CF9B /* ProfileAsyncImage.swift in Sources */,
				AB5B77C728E72B9600B32537 /* BandLinkCardViewModel.swift in Sources */,
				AB0DD4D228F0D82E00CEA1BD /* ShowLineupList.swift in Sources */,
				ABF8B81B28FC786900608657 /* ErrorMessage.swift in Sources */,
				AB35A8CC28E9CFCF009FB203 /* LoggedInUserProfileView.swift in Sources */,
				ABF1C40828ECF0950004A3C1 /* UserSearchResultsList.swift in Sources */,
				AB1ACE2D28E08F9E00B46C90 /* Instrument.swift in Sources */,
				ABEF10E528E64CD800A1DBAC /* AddEditLinkView.swift in Sources */,
				AB285B0428F6FF6600EB5F2B /* AddShowTimeView.swift in Sources */,
				AB5E490029003CF10076EABE /* BacklineItemType.swift in Sources */,
				ABCAA9FF28E9E56C00685F91 /* BandProfileHeader.swift in Sources */,
				ABF5563728DF93E40059E2DF /* BandProfileViewModel.swift in Sources */,
				AB2B867E28D9F884004601B6 /* ImagePicker.swift in Sources */,
				AB582B7E28FA3B3D00D357F3 /* LocationController.swift in Sources */,
				AB36FF9428D361A100AAC00C /* DatabaseService.swift in Sources */,
				AB3D2C3829060CCE00412A7E /* EditImageViewModel.swift in Sources */,
				ABE3EFA828D919A2002EEF23 /* SignUpViewModel.swift in Sources */,
				ABD323EF28E1180C00540B93 /* SendBandInviteView.swift in Sources */,
				AB2BF26F2919C3D500C65DD8 /* ChatInfoViewModel.swift in Sources */,
				ABD18AAD28EE14C1002286C3 /* SendShowInviteView.swift in Sources */,
				ABCF232829131E4E003DB6BB /* ConversationView.swift in Sources */,
				AB37EBB2290966C90029588C /* HomeShowRow.swift in Sources */,
				ABD1D16F28F30CE500791969 /* MyPlayingShowsView.swift in Sources */,
				AB36FF8328D35C0600AAC00C /* Show.swift in Sources */,
				ABA1020B28DDF3E200A4E818 /* NotificationRowViewModel.swift in Sources */,
				AB36FF8F28D35E8C00AAC00C /* Genre.swift in Sources */,
				AB36FF6628D356FD00AAC00C /* TheSamePageApp.swift in Sources */,
				ABEACE7D28DBBB6F00BB1D67 /* InABandViewModel.swift in Sources */,
				AB8326B62912A89800208414 /* ShowBacklineRow.swift in Sources */,
				ABDDAD4C28DB49DF00F1CF9B /* AddEditBandViewModel.swift in Sources */,
				AB8326BA2912BB3500208414 /* ChatMessage.swift in Sources */,
				AB5054B328DCA04900321380 /* BandInvite.swift in Sources */,
				AB3C73D728DC0A240038085A /* BandSearchViewModel.swift in Sources */,
				AB38E1B328FB2422006D1788 /* CLPlacemark+formattedAddress.swift in Sources */,
				AB285B0828F7086D00EB5F2B /* AddShowTimeViewModel.swift in Sources */,
				AB5E48F829003ACF0076EABE /* GuitarGear.swift in Sources */,
				AB07296328F468530069B268 /* ShowLocationTab.swift in Sources */,
				AB36FF8D28D35CDF00AAC00C /* BacklineItem.swift in Sources */,
				AB9D086128FDA24B0098A244 /* UserSettingsView.swift in Sources */,
				AB399AD428D4B12B009B39F7 /* MyShowsShowCardViewModel.swift in Sources */,
				AB07296128F467010069B268 /* ShowDetailsTab.swift in Sources */,
				ABF1C40C28ECF0A50004A3C1 /* ShowSearchResultsList.swift in Sources */,
				AB07295F28F466510069B268 /* ShowLineupTab.swift in Sources */,
				AB35A8DA28E9DC93009FB203 /* BandProfileOtherUserView.swift in Sources */,
				AB794E3128E25B0F000ABB37 /* SearchType.swift in Sources */,
				AB285B0228F6FE8A00EB5F2B /* ShowTimeType.swift in Sources */,
				AB35A8D628E9DC73009FB203 /* BandProfileAdminView.swift in Sources */,
				AB285AFC28F6F7EE00EB5F2B /* ShowTimeList.swift in Sources */,
				ABDC0D7928D76FC60054269E /* AddEditShowViewModel.swift in Sources */,
				ABF1C40428ECD0FD0004A3C1 /* SearchResultRowViewModel.swift in Sources */,
				AB36FF8928D35C2800AAC00C /* PlatformLink.swift in Sources */,
				ABFBA7252915546A006B1751 /* ChatBubbleViewModel.swift in Sources */,
				ABEF10EA28E6506000A1DBAC /* LinkPlatform.swift in Sources */,
				AB07AC372904738B00E378C6 /* PercussionBacklineList.swift in Sources */,
				AB35A8DF28E9DE29009FB203 /* UserBandList.swift in Sources */,
			);
			runOnlyForDeploymentPostprocessing = 0;
		};
/* End PBXSourcesBuildPhase section */

/* Begin XCBuildConfiguration section */
		AB36FF6E28D356FE00AAC00C /* Debug */ = {
			isa = XCBuildConfiguration;
			buildSettings = {
				ALWAYS_SEARCH_USER_PATHS = NO;
				CLANG_ANALYZER_NONNULL = YES;
				CLANG_ANALYZER_NUMBER_OBJECT_CONVERSION = YES_AGGRESSIVE;
				CLANG_CXX_LANGUAGE_STANDARD = "gnu++20";
				CLANG_ENABLE_MODULES = YES;
				CLANG_ENABLE_OBJC_ARC = YES;
				CLANG_ENABLE_OBJC_WEAK = YES;
				CLANG_WARN_BLOCK_CAPTURE_AUTORELEASING = YES;
				CLANG_WARN_BOOL_CONVERSION = YES;
				CLANG_WARN_COMMA = YES;
				CLANG_WARN_CONSTANT_CONVERSION = YES;
				CLANG_WARN_DEPRECATED_OBJC_IMPLEMENTATIONS = YES;
				CLANG_WARN_DIRECT_OBJC_ISA_USAGE = YES_ERROR;
				CLANG_WARN_DOCUMENTATION_COMMENTS = YES;
				CLANG_WARN_EMPTY_BODY = YES;
				CLANG_WARN_ENUM_CONVERSION = YES;
				CLANG_WARN_INFINITE_RECURSION = YES;
				CLANG_WARN_INT_CONVERSION = YES;
				CLANG_WARN_NON_LITERAL_NULL_CONVERSION = YES;
				CLANG_WARN_OBJC_IMPLICIT_RETAIN_SELF = YES;
				CLANG_WARN_OBJC_LITERAL_CONVERSION = YES;
				CLANG_WARN_OBJC_ROOT_CLASS = YES_ERROR;
				CLANG_WARN_QUOTED_INCLUDE_IN_FRAMEWORK_HEADER = YES;
				CLANG_WARN_RANGE_LOOP_ANALYSIS = YES;
				CLANG_WARN_STRICT_PROTOTYPES = YES;
				CLANG_WARN_SUSPICIOUS_MOVE = YES;
				CLANG_WARN_UNGUARDED_AVAILABILITY = YES_AGGRESSIVE;
				CLANG_WARN_UNREACHABLE_CODE = YES;
				CLANG_WARN__DUPLICATE_METHOD_MATCH = YES;
				COPY_PHASE_STRIP = NO;
				DEBUG_INFORMATION_FORMAT = dwarf;
				ENABLE_STRICT_OBJC_MSGSEND = YES;
				ENABLE_TESTABILITY = YES;
				GCC_C_LANGUAGE_STANDARD = gnu11;
				GCC_DYNAMIC_NO_PIC = NO;
				GCC_NO_COMMON_BLOCKS = YES;
				GCC_OPTIMIZATION_LEVEL = 0;
				GCC_PREPROCESSOR_DEFINITIONS = (
					"DEBUG=1",
					"$(inherited)",
				);
				GCC_WARN_64_TO_32_BIT_CONVERSION = YES;
				GCC_WARN_ABOUT_RETURN_TYPE = YES_ERROR;
				GCC_WARN_UNDECLARED_SELECTOR = YES;
				GCC_WARN_UNINITIALIZED_AUTOS = YES_AGGRESSIVE;
				GCC_WARN_UNUSED_FUNCTION = YES;
				GCC_WARN_UNUSED_VARIABLE = YES;
				IPHONEOS_DEPLOYMENT_TARGET = 15.0;
				MTL_ENABLE_DEBUG_INFO = INCLUDE_SOURCE;
				MTL_FAST_MATH = YES;
				ONLY_ACTIVE_ARCH = YES;
				SDKROOT = iphoneos;
				SWIFT_ACTIVE_COMPILATION_CONDITIONS = DEBUG;
				SWIFT_OPTIMIZATION_LEVEL = "-Onone";
			};
			name = Debug;
		};
		AB36FF6F28D356FE00AAC00C /* Release */ = {
			isa = XCBuildConfiguration;
			buildSettings = {
				ALWAYS_SEARCH_USER_PATHS = NO;
				CLANG_ANALYZER_NONNULL = YES;
				CLANG_ANALYZER_NUMBER_OBJECT_CONVERSION = YES_AGGRESSIVE;
				CLANG_CXX_LANGUAGE_STANDARD = "gnu++20";
				CLANG_ENABLE_MODULES = YES;
				CLANG_ENABLE_OBJC_ARC = YES;
				CLANG_ENABLE_OBJC_WEAK = YES;
				CLANG_WARN_BLOCK_CAPTURE_AUTORELEASING = YES;
				CLANG_WARN_BOOL_CONVERSION = YES;
				CLANG_WARN_COMMA = YES;
				CLANG_WARN_CONSTANT_CONVERSION = YES;
				CLANG_WARN_DEPRECATED_OBJC_IMPLEMENTATIONS = YES;
				CLANG_WARN_DIRECT_OBJC_ISA_USAGE = YES_ERROR;
				CLANG_WARN_DOCUMENTATION_COMMENTS = YES;
				CLANG_WARN_EMPTY_BODY = YES;
				CLANG_WARN_ENUM_CONVERSION = YES;
				CLANG_WARN_INFINITE_RECURSION = YES;
				CLANG_WARN_INT_CONVERSION = YES;
				CLANG_WARN_NON_LITERAL_NULL_CONVERSION = YES;
				CLANG_WARN_OBJC_IMPLICIT_RETAIN_SELF = YES;
				CLANG_WARN_OBJC_LITERAL_CONVERSION = YES;
				CLANG_WARN_OBJC_ROOT_CLASS = YES_ERROR;
				CLANG_WARN_QUOTED_INCLUDE_IN_FRAMEWORK_HEADER = YES;
				CLANG_WARN_RANGE_LOOP_ANALYSIS = YES;
				CLANG_WARN_STRICT_PROTOTYPES = YES;
				CLANG_WARN_SUSPICIOUS_MOVE = YES;
				CLANG_WARN_UNGUARDED_AVAILABILITY = YES_AGGRESSIVE;
				CLANG_WARN_UNREACHABLE_CODE = YES;
				CLANG_WARN__DUPLICATE_METHOD_MATCH = YES;
				COPY_PHASE_STRIP = NO;
				DEBUG_INFORMATION_FORMAT = "dwarf-with-dsym";
				ENABLE_NS_ASSERTIONS = NO;
				ENABLE_STRICT_OBJC_MSGSEND = YES;
				GCC_C_LANGUAGE_STANDARD = gnu11;
				GCC_NO_COMMON_BLOCKS = YES;
				GCC_WARN_64_TO_32_BIT_CONVERSION = YES;
				GCC_WARN_ABOUT_RETURN_TYPE = YES_ERROR;
				GCC_WARN_UNDECLARED_SELECTOR = YES;
				GCC_WARN_UNINITIALIZED_AUTOS = YES_AGGRESSIVE;
				GCC_WARN_UNUSED_FUNCTION = YES;
				GCC_WARN_UNUSED_VARIABLE = YES;
				IPHONEOS_DEPLOYMENT_TARGET = 15.0;
				MTL_ENABLE_DEBUG_INFO = NO;
				MTL_FAST_MATH = YES;
				SDKROOT = iphoneos;
				SWIFT_COMPILATION_MODE = wholemodule;
				SWIFT_OPTIMIZATION_LEVEL = "-O";
				VALIDATE_PRODUCT = YES;
			};
			name = Release;
		};
		AB36FF7128D356FE00AAC00C /* Debug */ = {
			isa = XCBuildConfiguration;
			buildSettings = {
				ASSETCATALOG_COMPILER_APPICON_NAME = AppIcon;
				ASSETCATALOG_COMPILER_GLOBAL_ACCENT_COLOR_NAME = AccentColor;
				CODE_SIGN_ENTITLEMENTS = TheSamePage/TheSamePage.entitlements;
				CODE_SIGN_STYLE = Automatic;
				CURRENT_PROJECT_VERSION = 1;
				DEVELOPMENT_ASSET_PATHS = "\"TheSamePage/Preview Content\"";
				DEVELOPMENT_TEAM = 9LT5ZRK64X;
				ENABLE_PREVIEWS = YES;
				GENERATE_INFOPLIST_FILE = YES;
				INFOPLIST_FILE = TheSamePage/Info.plist;
				INFOPLIST_KEY_NSLocalNetworkUsageDescription = "Atlantis would use Bonjour Service to discover Proxyman app from your local network";
				INFOPLIST_KEY_NSLocationWhenInUseUsageDescription = "We need your location to find shows near you";
				INFOPLIST_KEY_UIApplicationSceneManifest_Generation = YES;
				INFOPLIST_KEY_UIApplicationSupportsIndirectInputEvents = YES;
				INFOPLIST_KEY_UILaunchScreen_Generation = YES;
				INFOPLIST_KEY_UISupportedInterfaceOrientations_iPad = "UIInterfaceOrientationPortrait UIInterfaceOrientationPortraitUpsideDown UIInterfaceOrientationLandscapeLeft UIInterfaceOrientationLandscapeRight";
				INFOPLIST_KEY_UISupportedInterfaceOrientations_iPhone = "UIInterfaceOrientationPortrait UIInterfaceOrientationLandscapeLeft UIInterfaceOrientationLandscapeRight";
				IPHONEOS_DEPLOYMENT_TARGET = 15.0;
				LD_RUNPATH_SEARCH_PATHS = (
					"$(inherited)",
					"@executable_path/Frameworks",
				);
				MARKETING_VERSION = 1.0;
				PRODUCT_BUNDLE_IDENTIFIER = com.julianmichaeltechnologies.TheSamePage;
				PRODUCT_NAME = "$(TARGET_NAME)";
				SUPPORTED_PLATFORMS = "iphoneos iphonesimulator";
				SUPPORTS_MACCATALYST = NO;
				SUPPORTS_MAC_DESIGNED_FOR_IPHONE_IPAD = NO;
				SWIFT_EMIT_LOC_STRINGS = YES;
				SWIFT_VERSION = 5.0;
				TARGETED_DEVICE_FAMILY = 1;
			};
			name = Debug;
		};
		AB36FF7228D356FE00AAC00C /* Release */ = {
			isa = XCBuildConfiguration;
			buildSettings = {
				ASSETCATALOG_COMPILER_APPICON_NAME = AppIcon;
				ASSETCATALOG_COMPILER_GLOBAL_ACCENT_COLOR_NAME = AccentColor;
				CODE_SIGN_ENTITLEMENTS = TheSamePage/TheSamePage.entitlements;
				CODE_SIGN_STYLE = Automatic;
				CURRENT_PROJECT_VERSION = 1;
				DEVELOPMENT_ASSET_PATHS = "\"TheSamePage/Preview Content\"";
				DEVELOPMENT_TEAM = 9LT5ZRK64X;
				ENABLE_PREVIEWS = YES;
				GENERATE_INFOPLIST_FILE = YES;
				INFOPLIST_FILE = TheSamePage/Info.plist;
				INFOPLIST_KEY_NSLocalNetworkUsageDescription = "Atlantis would use Bonjour Service to discover Proxyman app from your local network";
				INFOPLIST_KEY_NSLocationWhenInUseUsageDescription = "We need your location to find shows near you";
				INFOPLIST_KEY_UIApplicationSceneManifest_Generation = YES;
				INFOPLIST_KEY_UIApplicationSupportsIndirectInputEvents = YES;
				INFOPLIST_KEY_UILaunchScreen_Generation = YES;
				INFOPLIST_KEY_UISupportedInterfaceOrientations_iPad = "UIInterfaceOrientationPortrait UIInterfaceOrientationPortraitUpsideDown UIInterfaceOrientationLandscapeLeft UIInterfaceOrientationLandscapeRight";
				INFOPLIST_KEY_UISupportedInterfaceOrientations_iPhone = "UIInterfaceOrientationPortrait UIInterfaceOrientationLandscapeLeft UIInterfaceOrientationLandscapeRight";
				IPHONEOS_DEPLOYMENT_TARGET = 15.0;
				LD_RUNPATH_SEARCH_PATHS = (
					"$(inherited)",
					"@executable_path/Frameworks",
				);
				MARKETING_VERSION = 1.0;
				PRODUCT_BUNDLE_IDENTIFIER = com.julianmichaeltechnologies.TheSamePage;
				PRODUCT_NAME = "$(TARGET_NAME)";
				SUPPORTED_PLATFORMS = "iphoneos iphonesimulator";
				SUPPORTS_MACCATALYST = NO;
				SUPPORTS_MAC_DESIGNED_FOR_IPHONE_IPAD = NO;
				SWIFT_EMIT_LOC_STRINGS = YES;
				SWIFT_VERSION = 5.0;
				TARGETED_DEVICE_FAMILY = 1;
			};
			name = Release;
		};
/* End XCBuildConfiguration section */

/* Begin XCConfigurationList section */
		AB36FF5D28D356FD00AAC00C /* Build configuration list for PBXProject "TheSamePage" */ = {
			isa = XCConfigurationList;
			buildConfigurations = (
				AB36FF6E28D356FE00AAC00C /* Debug */,
				AB36FF6F28D356FE00AAC00C /* Release */,
			);
			defaultConfigurationIsVisible = 0;
			defaultConfigurationName = Release;
		};
		AB36FF7028D356FE00AAC00C /* Build configuration list for PBXNativeTarget "TheSamePage" */ = {
			isa = XCConfigurationList;
			buildConfigurations = (
				AB36FF7128D356FE00AAC00C /* Debug */,
				AB36FF7228D356FE00AAC00C /* Release */,
			);
			defaultConfigurationIsVisible = 0;
			defaultConfigurationName = Release;
		};
/* End XCConfigurationList section */

/* Begin XCRemoteSwiftPackageReference section */
		AB07AC2A290452B900E378C6 /* XCRemoteSwiftPackageReference "firebase-ios-sdk" */ = {
			isa = XCRemoteSwiftPackageReference;
			repositoryURL = "https://github.com/firebase/firebase-ios-sdk.git";
			requirement = {
				kind = upToNextMajorVersion;
				minimumVersion = 10.0.0;
			};
		};
		AB07AC332904534F00E378C6 /* XCRemoteSwiftPackageReference "typesense-swift" */ = {
			isa = XCRemoteSwiftPackageReference;
			repositoryURL = "https://github.com/typesense/typesense-swift";
			requirement = {
				kind = upToNextMajorVersion;
				minimumVersion = 0.1.2;
			};
		};
/* End XCRemoteSwiftPackageReference section */

/* Begin XCSwiftPackageProductDependency section */
		AB07AC2B290452B900E378C6 /* FirebaseAuth */ = {
			isa = XCSwiftPackageProductDependency;
			package = AB07AC2A290452B900E378C6 /* XCRemoteSwiftPackageReference "firebase-ios-sdk" */;
			productName = FirebaseAuth;
		};
		AB07AC2D290452B900E378C6 /* FirebaseFirestore */ = {
			isa = XCSwiftPackageProductDependency;
			package = AB07AC2A290452B900E378C6 /* XCRemoteSwiftPackageReference "firebase-ios-sdk" */;
			productName = FirebaseFirestore;
		};
		AB07AC2F290452B900E378C6 /* FirebaseFirestoreSwift */ = {
			isa = XCSwiftPackageProductDependency;
			package = AB07AC2A290452B900E378C6 /* XCRemoteSwiftPackageReference "firebase-ios-sdk" */;
			productName = FirebaseFirestoreSwift;
		};
		AB07AC31290452B900E378C6 /* FirebaseStorage */ = {
			isa = XCSwiftPackageProductDependency;
			package = AB07AC2A290452B900E378C6 /* XCRemoteSwiftPackageReference "firebase-ios-sdk" */;
			productName = FirebaseStorage;
		};
		AB07AC342904534F00E378C6 /* Typesense */ = {
			isa = XCSwiftPackageProductDependency;
			package = AB07AC332904534F00E378C6 /* XCRemoteSwiftPackageReference "typesense-swift" */;
			productName = Typesense;
		};
		AB31440B291713B300E2D08B /* FirebaseMessaging */ = {
			isa = XCSwiftPackageProductDependency;
			package = AB07AC2A290452B900E378C6 /* XCRemoteSwiftPackageReference "firebase-ios-sdk" */;
			productName = FirebaseMessaging;
		};
		AB4A461B29172832007F1C8B /* FirebaseFunctions */ = {
			isa = XCSwiftPackageProductDependency;
			package = AB07AC2A290452B900E378C6 /* XCRemoteSwiftPackageReference "firebase-ios-sdk" */;
			productName = FirebaseFunctions;
		};
/* End XCSwiftPackageProductDependency section */
	};
	rootObject = AB36FF5A28D356FD00AAC00C /* Project object */;
}
